// !$*UTF8*$!
{
	archiveVersion = 1;
	classes = {
	};
	objectVersion = 46;
	objects = {

/* Begin PBXBuildFile section */
		382C4F951F04FA2B00AE3576 /* ZJTabBarViewController.m in Sources */ = {isa = PBXBuildFile; fileRef = 382C4F931F04FA2B00AE3576 /* ZJTabBarViewController.m */; };
		382C4F9B1F0500F000AE3576 /* ZJTestTabBarViewController.m in Sources */ = {isa = PBXBuildFile; fileRef = 382C4F9A1F0500F000AE3576 /* ZJTestTabBarViewController.m */; };
		3850846B1EBC211C00DEE8F6 /* InfoPlist in Resources */ = {isa = PBXBuildFile; fileRef = 3850846A1EBC211C00DEE8F6 /* InfoPlist */; };
		385084711EBC5FE100DEE8F6 /* note.plist in Resources */ = {isa = PBXBuildFile; fileRef = 385084701EBC5FE100DEE8F6 /* note.plist */; };
		385D3EFD1F063C9600F0C1FD /* ZJTestPureTextTableViewController.m in Sources */ = {isa = PBXBuildFile; fileRef = 385D3EFC1F063C9600F0C1FD /* ZJTestPureTextTableViewController.m */; };
		385D3F001F063F4600F0C1FD /* ZJTestSubTitleTableViewController.m in Sources */ = {isa = PBXBuildFile; fileRef = 385D3EFF1F063F4600F0C1FD /* ZJTestSubTitleTableViewController.m */; };
		385DBED81EB9CF3E00174ACE /* ZJBaseTabBarViewController.m in Sources */ = {isa = PBXBuildFile; fileRef = 385DBED61EB9CF3E00174ACE /* ZJBaseTabBarViewController.m */; };
		385DBEEC1EB9D11E00174ACE /* ZJNSObjectTableViewController.m in Sources */ = {isa = PBXBuildFile; fileRef = 385DBEEB1EB9D11E00174ACE /* ZJNSObjectTableViewController.m */; };
		385DBEEF1EB9D40800174ACE /* ZJUIKitTableViewController.m in Sources */ = {isa = PBXBuildFile; fileRef = 385DBEEE1EB9D40800174ACE /* ZJUIKitTableViewController.m */; };
		385DBEF21EB9D43B00174ACE /* ZJFondationTableViewController.m in Sources */ = {isa = PBXBuildFile; fileRef = 385DBEF11EB9D43B00174ACE /* ZJFondationTableViewController.m */; };
		385DBEF51EB9D49700174ACE /* ZJControllerTableViewController.m in Sources */ = {isa = PBXBuildFile; fileRef = 385DBEF41EB9D49700174ACE /* ZJControllerTableViewController.m */; };
		386151441E9F6AB700341BCB /* AppDelegate.m in Sources */ = {isa = PBXBuildFile; fileRef = 386151411E9F6AB700341BCB /* AppDelegate.m */; };
		386151D61E9F6BB300341BCB /* UIViewExt.m in Sources */ = {isa = PBXBuildFile; fileRef = 386151491E9F6BB200341BCB /* UIViewExt.m */; };
		386151D71E9F6BB300341BCB /* ZJControllerCategory.m in Sources */ = {isa = PBXBuildFile; fileRef = 3861514C1E9F6BB200341BCB /* ZJControllerCategory.m */; };
		386151D81E9F6BB300341BCB /* ZJFondationCategory.m in Sources */ = {isa = PBXBuildFile; fileRef = 3861514E1E9F6BB200341BCB /* ZJFondationCategory.m */; };
		386151D91E9F6BB300341BCB /* ZJNSObjectCategory.m in Sources */ = {isa = PBXBuildFile; fileRef = 386151501E9F6BB200341BCB /* ZJNSObjectCategory.m */; };
		386151DA1E9F6BB300341BCB /* ZJUIViewCategory.m in Sources */ = {isa = PBXBuildFile; fileRef = 386151521E9F6BB200341BCB /* ZJUIViewCategory.m */; };
		386151DB1E9F6BB300341BCB /* ZJIconSubTitleObject.m in Sources */ = {isa = PBXBuildFile; fileRef = 386151551E9F6BB200341BCB /* ZJIconSubTitleObject.m */; };
		386151DC1E9F6BB300341BCB /* ZJNameIDObject.m in Sources */ = {isa = PBXBuildFile; fileRef = 386151581E9F6BB200341BCB /* ZJNameIDObject.m */; };
		386151DD1E9F6BB300341BCB /* ZJPageSizeObjectInfo.m in Sources */ = {isa = PBXBuildFile; fileRef = 3861515A1E9F6BB200341BCB /* ZJPageSizeObjectInfo.m */; };
		386151DE1E9F6BB300341BCB /* ZJStandarValueObj.m in Sources */ = {isa = PBXBuildFile; fileRef = 3861515C1E9F6BB200341BCB /* ZJStandarValueObj.m */; };
		386151DF1E9F6BB300341BCB /* ZJTimeValueObject.m in Sources */ = {isa = PBXBuildFile; fileRef = 3861515E1E9F6BB200341BCB /* ZJTimeValueObject.m */; };
		386151F01E9F6BB300341BCB /* ZJCollectionTableViewCell.m in Sources */ = {isa = PBXBuildFile; fileRef = 3861517F1E9F6BB200341BCB /* ZJCollectionTableViewCell.m */; };
		386151F11E9F6BB300341BCB /* ZJCollectionTableViewCell.xib in Resources */ = {isa = PBXBuildFile; fileRef = 386151801E9F6BB200341BCB /* ZJCollectionTableViewCell.xib */; };
		386151F21E9F6BB300341BCB /* ZJIconTitleHorizontalCollectionViewCell.m in Sources */ = {isa = PBXBuildFile; fileRef = 386151821E9F6BB200341BCB /* ZJIconTitleHorizontalCollectionViewCell.m */; };
		386151F31E9F6BB300341BCB /* ZJIconTitleHorizontalCollectionViewCell.xib in Resources */ = {isa = PBXBuildFile; fileRef = 386151831E9F6BB200341BCB /* ZJIconTitleHorizontalCollectionViewCell.xib */; };
		386151F41E9F6BB300341BCB /* ZJIconTitleVerticalCollectionViewCell.m in Sources */ = {isa = PBXBuildFile; fileRef = 386151851E9F6BB200341BCB /* ZJIconTitleVerticalCollectionViewCell.m */; };
		386151F51E9F6BB300341BCB /* ZJIconTitleVerticalCollectionViewCell.xib in Resources */ = {isa = PBXBuildFile; fileRef = 386151861E9F6BB200341BCB /* ZJIconTitleVerticalCollectionViewCell.xib */; };
		386151F61E9F6BB300341BCB /* ZJImageTextFieldTableViewCell.m in Sources */ = {isa = PBXBuildFile; fileRef = 386151891E9F6BB200341BCB /* ZJImageTextFieldTableViewCell.m */; };
		386151F71E9F6BB300341BCB /* ZJImageTextFieldTableViewCell.xib in Resources */ = {isa = PBXBuildFile; fileRef = 3861518A1E9F6BB200341BCB /* ZJImageTextFieldTableViewCell.xib */; };
		386151FA1E9F6BB300341BCB /* ZJSelectSexTableViewCell.m in Sources */ = {isa = PBXBuildFile; fileRef = 386151911E9F6BB200341BCB /* ZJSelectSexTableViewCell.m */; };
		386151FB1E9F6BB300341BCB /* ZJSelectSexTableViewCell.xib in Resources */ = {isa = PBXBuildFile; fileRef = 386151921E9F6BB200341BCB /* ZJSelectSexTableViewCell.xib */; };
		386151FE1E9F6BB300341BCB /* ZJTitleTextFieldTableViewCell.m in Sources */ = {isa = PBXBuildFile; fileRef = 386151981E9F6BB300341BCB /* ZJTitleTextFieldTableViewCell.m */; };
		386151FF1E9F6BB300341BCB /* ZJTitleTextFieldTableViewCell.xib in Resources */ = {isa = PBXBuildFile; fileRef = 386151991E9F6BB300341BCB /* ZJTitleTextFieldTableViewCell.xib */; };
		386152001E9F6BB300341BCB /* HYErrorView.m in Sources */ = {isa = PBXBuildFile; fileRef = 3861519C1E9F6BB300341BCB /* HYErrorView.m */; };
		386152011E9F6BB300341BCB /* HYErrorView.xib in Resources */ = {isa = PBXBuildFile; fileRef = 3861519D1E9F6BB300341BCB /* HYErrorView.xib */; };
		386152041E9F6BB300341BCB /* ZJFooterView.m in Sources */ = {isa = PBXBuildFile; fileRef = 386151A31E9F6BB300341BCB /* ZJFooterView.m */; };
		386152051E9F6BB300341BCB /* ZJProgressView.m in Sources */ = {isa = PBXBuildFile; fileRef = 386151A51E9F6BB300341BCB /* ZJProgressView.m */; };
		386152061E9F6BB300341BCB /* ZJRoundImageView.m in Sources */ = {isa = PBXBuildFile; fileRef = 386151A71E9F6BB300341BCB /* ZJRoundImageView.m */; };
		386152071E9F6BB300341BCB /* ZJScrollView.m in Sources */ = {isa = PBXBuildFile; fileRef = 386151A91E9F6BB300341BCB /* ZJScrollView.m */; };
		386152081E9F6BB300341BCB /* ZJStarLevelView.m in Sources */ = {isa = PBXBuildFile; fileRef = 386151AB1E9F6BB300341BCB /* ZJStarLevelView.m */; };
		386152091E9F6BB300341BCB /* ZJDatePicker.m in Sources */ = {isa = PBXBuildFile; fileRef = 386151AE1E9F6BB300341BCB /* ZJDatePicker.m */; };
		3861520A1E9F6BB300341BCB /* ZJMaskView.m in Sources */ = {isa = PBXBuildFile; fileRef = 386151B01E9F6BB300341BCB /* ZJMaskView.m */; };
		3861520B1E9F6BB300341BCB /* ZJPickerView.m in Sources */ = {isa = PBXBuildFile; fileRef = 386151B31E9F6BB300341BCB /* ZJPickerView.m */; };
		3861520C1E9F6BB300341BCB /* ZJTopEdgeTitleView.m in Sources */ = {isa = PBXBuildFile; fileRef = 386151B51E9F6BB300341BCB /* ZJTopEdgeTitleView.m */; };
		3861520D1E9F6BB300341BCB /* qrcode_scanline_barcode@2x.png in Resources */ = {isa = PBXBuildFile; fileRef = 386151B71E9F6BB300341BCB /* qrcode_scanline_barcode@2x.png */; };
		3861520E1E9F6BB300341BCB /* ZJQRCodeViewController.m in Sources */ = {isa = PBXBuildFile; fileRef = 386151BA1E9F6BB300341BCB /* ZJQRCodeViewController.m */; };
		3861520F1E9F6BB300341BCB /* ZJQRView.m in Sources */ = {isa = PBXBuildFile; fileRef = 386151BC1E9F6BB300341BCB /* ZJQRView.m */; };
		386152101E9F6BB300341BCB /* ZJSearchingContentsLayer.m in Sources */ = {isa = PBXBuildFile; fileRef = 386151BF1E9F6BB300341BCB /* ZJSearchingContentsLayer.m */; };
		386152111E9F6BB300341BCB /* ZJSearchingView.m in Sources */ = {isa = PBXBuildFile; fileRef = 386151C11E9F6BB300341BCB /* ZJSearchingView.m */; };
		386152121E9F6BB300341BCB /* ZJSelectButton.m in Sources */ = {isa = PBXBuildFile; fileRef = 386151C41E9F6BB300341BCB /* ZJSelectButton.m */; };
		386152151E9F6BB300341BCB /* ZJNavigationController.m in Sources */ = {isa = PBXBuildFile; fileRef = 386151CC1E9F6BB300341BCB /* ZJNavigationController.m */; };
		386152171E9F6BB300341BCB /* ZJBLEDevice.m in Sources */ = {isa = PBXBuildFile; fileRef = 386151D11E9F6BB300341BCB /* ZJBLEDevice.m */; };
		386152181E9F6BB300341BCB /* ZJBLEDeviceManager.m in Sources */ = {isa = PBXBuildFile; fileRef = 386151D31E9F6BB300341BCB /* ZJBLEDeviceManager.m */; };
		3864E9931F0B30FF0045C374 /* ZJIconTitleCollectionViewCell.m in Sources */ = {isa = PBXBuildFile; fileRef = 3864E9921F0B30FF0045C374 /* ZJIconTitleCollectionViewCell.m */; };
		386593C31EBAB85C0041601D /* ZJTestApplicationViewController.m in Sources */ = {isa = PBXBuildFile; fileRef = 386593C21EBAB85C0041601D /* ZJTestApplicationViewController.m */; };
		386593C61EBAB87C0041601D /* ZJTestLabelViewController.m in Sources */ = {isa = PBXBuildFile; fileRef = 386593C51EBAB87C0041601D /* ZJTestLabelViewController.m */; };
		386593CB1EBB1A220041601D /* ZJWebViewController.m in Sources */ = {isa = PBXBuildFile; fileRef = 386593C81EBB1A220041601D /* ZJWebViewController.m */; };
		386593CE1EBB1E940041601D /* ZJTestWebViewController.m in Sources */ = {isa = PBXBuildFile; fileRef = 386593CD1EBB1E940041601D /* ZJTestWebViewController.m */; };
		386593D21EBB24260041601D /* ZJOtherTableViewController.m in Sources */ = {isa = PBXBuildFile; fileRef = 386593D11EBB24260041601D /* ZJOtherTableViewController.m */; };
		386593D51EBB245E0041601D /* ZJTextViewController.m in Sources */ = {isa = PBXBuildFile; fileRef = 386593D41EBB245E0041601D /* ZJTextViewController.m */; };
		386593DB1EBB32810041601D /* ZJTestScrollViewController.m in Sources */ = {isa = PBXBuildFile; fileRef = 386593DA1EBB32810041601D /* ZJTestScrollViewController.m */; };
		387033E91DFAC37900426DA3 /* main.m in Sources */ = {isa = PBXBuildFile; fileRef = 387033E81DFAC37900426DA3 /* main.m */; };
		387033F51DFAC37900426DA3 /* TestCategory.xcdatamodeld in Sources */ = {isa = PBXBuildFile; fileRef = 387033F31DFAC37900426DA3 /* TestCategory.xcdatamodeld */; };
		387033F71DFAC37900426DA3 /* Assets.xcassets in Resources */ = {isa = PBXBuildFile; fileRef = 387033F61DFAC37900426DA3 /* Assets.xcassets */; };
		387033FA1DFAC37900426DA3 /* LaunchScreen.storyboard in Resources */ = {isa = PBXBuildFile; fileRef = 387033F81DFAC37900426DA3 /* LaunchScreen.storyboard */; };
		387034051DFAC37900426DA3 /* TestCategoryTests.m in Sources */ = {isa = PBXBuildFile; fileRef = 387034041DFAC37900426DA3 /* TestCategoryTests.m */; };
		387034101DFAC37900426DA3 /* TestCategoryUITests.m in Sources */ = {isa = PBXBuildFile; fileRef = 3870340F1DFAC37900426DA3 /* TestCategoryUITests.m */; };
		3878B3681ED92B7F0027222C /* ZJSwipeTableViewCell.m in Sources */ = {isa = PBXBuildFile; fileRef = 3878B3661ED92B7F0027222C /* ZJSwipeTableViewCell.m */; };
		3878B3691ED92B7F0027222C /* ZJSwipeTableViewCell.xib in Resources */ = {isa = PBXBuildFile; fileRef = 3878B3671ED92B7F0027222C /* ZJSwipeTableViewCell.xib */; };
		387FA5801ED2E5C70038D93B /* ZJSearchingViewController.m in Sources */ = {isa = PBXBuildFile; fileRef = 387FA57F1ED2E5C70038D93B /* ZJSearchingViewController.m */; };
		3881193C1F0CD9C200C24A89 /* ZJTestAlertViewController.xib in Resources */ = {isa = PBXBuildFile; fileRef = 388119391F0CD9C200C24A89 /* ZJTestAlertViewController.xib */; };
		3881193D1F0CD9C200C24A89 /* ZJTestAlertViewController.m in Sources */ = {isa = PBXBuildFile; fileRef = 3881193A1F0CD9C200C24A89 /* ZJTestAlertViewController.m */; };
		388119411F0CDD6E00C24A89 /* ZJProgressViewController.m in Sources */ = {isa = PBXBuildFile; fileRef = 3881193F1F0CDD6E00C24A89 /* ZJProgressViewController.m */; };
		388119611F0CDE1500C24A89 /* ZJTestBundleViewController.m in Sources */ = {isa = PBXBuildFile; fileRef = 388119441F0CDE1500C24A89 /* ZJTestBundleViewController.m */; };
		388119621F0CDE1500C24A89 /* ZJTestFileTableViewController.m in Sources */ = {isa = PBXBuildFile; fileRef = 388119461F0CDE1500C24A89 /* ZJTestFileTableViewController.m */; };
		388119631F0CDE1500C24A89 /* ZJTestSysDirViewController.m in Sources */ = {isa = PBXBuildFile; fileRef = 388119481F0CDE1500C24A89 /* ZJTestSysDirViewController.m */; };
		388119641F0CDE1500C24A89 /* UIViewController+ZJVCCategory.m in Sources */ = {isa = PBXBuildFile; fileRef = 3881194B1F0CDE1500C24A89 /* UIViewController+ZJVCCategory.m */; };
		388119651F0CDE1500C24A89 /* ZJTestCategoryViewController.m in Sources */ = {isa = PBXBuildFile; fileRef = 3881194E1F0CDE1500C24A89 /* ZJTestCategoryViewController.m */; };
		388119661F0CDE1500C24A89 /* ZJTestBackBarButtonItemViewController.m in Sources */ = {isa = PBXBuildFile; fileRef = 388119511F0CDE1500C24A89 /* ZJTestBackBarButtonItemViewController.m */; };
		388119671F0CDE1500C24A89 /* ZJTestNavigationItemViewController.m in Sources */ = {isa = PBXBuildFile; fileRef = 388119531F0CDE1500C24A89 /* ZJTestNavigationItemViewController.m */; };
		388119681F0CDE1500C24A89 /* ZJTestTranslucentViewController.m in Sources */ = {isa = PBXBuildFile; fileRef = 388119551F0CDE1500C24A89 /* ZJTestTranslucentViewController.m */; };
		388119691F0CDE1500C24A89 /* ZJTestTranslucentViewController.xib in Resources */ = {isa = PBXBuildFile; fileRef = 388119561F0CDE1500C24A89 /* ZJTestTranslucentViewController.xib */; };
		3881196A1F0CDE1500C24A89 /* ZJSearchDeviceTableViewController.m in Sources */ = {isa = PBXBuildFile; fileRef = 388119591F0CDE1500C24A89 /* ZJSearchDeviceTableViewController.m */; };
		3881196B1F0CDE1500C24A89 /* ZJTestBluetoothViewController.m in Sources */ = {isa = PBXBuildFile; fileRef = 3881195B1F0CDE1500C24A89 /* ZJTestBluetoothViewController.m */; };
		3881196C1F0CDE1500C24A89 /* ZJTestBluetoothViewController.xib in Resources */ = {isa = PBXBuildFile; fileRef = 3881195C1F0CDE1500C24A89 /* ZJTestBluetoothViewController.xib */; };
		3881196D1F0CDE1500C24A89 /* ZJCAReplicatorLayerViewController.m in Sources */ = {isa = PBXBuildFile; fileRef = 3881195F1F0CDE1500C24A89 /* ZJCAReplicatorLayerViewController.m */; };
		3881196E1F0CDE1500C24A89 /* ZJCAReplicatorLayerViewController.xib in Resources */ = {isa = PBXBuildFile; fileRef = 388119601F0CDE1500C24A89 /* ZJCAReplicatorLayerViewController.xib */; };
		388119711F0CE03400C24A89 /* ZJTopicTableViewController.m in Sources */ = {isa = PBXBuildFile; fileRef = 388119701F0CE03400C24A89 /* ZJTopicTableViewController.m */; };
		389530431EC5A351004511C8 /* ZJTestViewController.xib in Resources */ = {isa = PBXBuildFile; fileRef = 389530401EC5A351004511C8 /* ZJTestViewController.xib */; };
		389530441EC5A351004511C8 /* ZJTestViewController.m in Sources */ = {isa = PBXBuildFile; fileRef = 389530411EC5A351004511C8 /* ZJTestViewController.m */; };
		389530591EC5AA14004511C8 /* note in Resources */ = {isa = PBXBuildFile; fileRef = 389530581EC5AA14004511C8 /* note */; };
		389C5FA01F09DF5800921EA8 /* ZJIconTitleNormalCollectionViewCell.xib in Resources */ = {isa = PBXBuildFile; fileRef = 389C5F9D1F09DF5800921EA8 /* ZJIconTitleNormalCollectionViewCell.xib */; };
		389C5FA11F09DF5800921EA8 /* ZJIconTitleNormalCollectionViewCell.m in Sources */ = {isa = PBXBuildFile; fileRef = 389C5F9E1F09DF5800921EA8 /* ZJIconTitleNormalCollectionViewCell.m */; };
		389C5FB71F0A1D6E00921EA8 /* ZJTestCollectionViewController.m in Sources */ = {isa = PBXBuildFile; fileRef = 389C5FB51F0A1D6E00921EA8 /* ZJTestCollectionViewController.m */; };
		389C5FB81F0A1D6E00921EA8 /* ZJTestCollectionViewController.xib in Resources */ = {isa = PBXBuildFile; fileRef = 389C5FB61F0A1D6E00921EA8 /* ZJTestCollectionViewController.xib */; };
		38E032081EC01FD900401CBE /* TestWrite.txt in Resources */ = {isa = PBXBuildFile; fileRef = 38E032071EC01FD900401CBE /* TestWrite.txt */; };
		38E58E111EB9EB870072EB0D /* ZJTestStringViewController.m in Sources */ = {isa = PBXBuildFile; fileRef = 38E58E101EB9EB870072EB0D /* ZJTestStringViewController.m */; };
		38E58E161EB9EC3C0072EB0D /* ZJTestNumberViewController.m in Sources */ = {isa = PBXBuildFile; fileRef = 38E58E121EB9EC3C0072EB0D /* ZJTestNumberViewController.m */; };
		38E58E171EB9EC3C0072EB0D /* ZJTestArrayViewController.m in Sources */ = {isa = PBXBuildFile; fileRef = 38E58E141EB9EC3C0072EB0D /* ZJTestArrayViewController.m */; };
/* End PBXBuildFile section */

/* Begin PBXContainerItemProxy section */
		387034011DFAC37900426DA3 /* PBXContainerItemProxy */ = {
			isa = PBXContainerItemProxy;
			containerPortal = 387033DC1DFAC37900426DA3 /* Project object */;
			proxyType = 1;
			remoteGlobalIDString = 387033E31DFAC37900426DA3;
			remoteInfo = TestCategory;
		};
		3870340C1DFAC37900426DA3 /* PBXContainerItemProxy */ = {
			isa = PBXContainerItemProxy;
			containerPortal = 387033DC1DFAC37900426DA3 /* Project object */;
			proxyType = 1;
			remoteGlobalIDString = 387033E31DFAC37900426DA3;
			remoteInfo = TestCategory;
		};
/* End PBXContainerItemProxy section */

/* Begin PBXFileReference section */
		382C4F931F04FA2B00AE3576 /* ZJTabBarViewController.m */ = {isa = PBXFileReference; fileEncoding = 4; lastKnownFileType = sourcecode.c.objc; path = ZJTabBarViewController.m; sourceTree = "<group>"; };
		382C4F941F04FA2B00AE3576 /* ZJTabBarViewController.h */ = {isa = PBXFileReference; fileEncoding = 4; lastKnownFileType = sourcecode.c.h; path = ZJTabBarViewController.h; sourceTree = "<group>"; };
		382C4F991F0500F000AE3576 /* ZJTestTabBarViewController.h */ = {isa = PBXFileReference; fileEncoding = 4; lastKnownFileType = sourcecode.c.h; path = ZJTestTabBarViewController.h; sourceTree = "<group>"; };
		382C4F9A1F0500F000AE3576 /* ZJTestTabBarViewController.m */ = {isa = PBXFileReference; fileEncoding = 4; lastKnownFileType = sourcecode.c.objc; path = ZJTestTabBarViewController.m; sourceTree = "<group>"; };
		3850846A1EBC211C00DEE8F6 /* InfoPlist */ = {isa = PBXFileReference; fileEncoding = 4; lastKnownFileType = text; path = InfoPlist; sourceTree = "<group>"; };
		385084701EBC5FE100DEE8F6 /* note.plist */ = {isa = PBXFileReference; fileEncoding = 4; lastKnownFileType = text.plist.xml; path = note.plist; sourceTree = "<group>"; };
		385D3EFB1F063C9600F0C1FD /* ZJTestPureTextTableViewController.h */ = {isa = PBXFileReference; fileEncoding = 4; lastKnownFileType = sourcecode.c.h; path = ZJTestPureTextTableViewController.h; sourceTree = "<group>"; };
		385D3EFC1F063C9600F0C1FD /* ZJTestPureTextTableViewController.m */ = {isa = PBXFileReference; fileEncoding = 4; lastKnownFileType = sourcecode.c.objc; path = ZJTestPureTextTableViewController.m; sourceTree = "<group>"; };
		385D3EFE1F063F4600F0C1FD /* ZJTestSubTitleTableViewController.h */ = {isa = PBXFileReference; fileEncoding = 4; lastKnownFileType = sourcecode.c.h; path = ZJTestSubTitleTableViewController.h; sourceTree = "<group>"; };
		385D3EFF1F063F4600F0C1FD /* ZJTestSubTitleTableViewController.m */ = {isa = PBXFileReference; fileEncoding = 4; lastKnownFileType = sourcecode.c.objc; path = ZJTestSubTitleTableViewController.m; sourceTree = "<group>"; };
		385DBED61EB9CF3E00174ACE /* ZJBaseTabBarViewController.m */ = {isa = PBXFileReference; fileEncoding = 4; lastKnownFileType = sourcecode.c.objc; path = ZJBaseTabBarViewController.m; sourceTree = "<group>"; };
		385DBED71EB9CF3E00174ACE /* ZJBaseTabBarViewController.h */ = {isa = PBXFileReference; fileEncoding = 4; lastKnownFileType = sourcecode.c.h; path = ZJBaseTabBarViewController.h; sourceTree = "<group>"; };
		385DBEEA1EB9D11E00174ACE /* ZJNSObjectTableViewController.h */ = {isa = PBXFileReference; fileEncoding = 4; lastKnownFileType = sourcecode.c.h; path = ZJNSObjectTableViewController.h; sourceTree = "<group>"; };
		385DBEEB1EB9D11E00174ACE /* ZJNSObjectTableViewController.m */ = {isa = PBXFileReference; fileEncoding = 4; lastKnownFileType = sourcecode.c.objc; path = ZJNSObjectTableViewController.m; sourceTree = "<group>"; };
		385DBEED1EB9D40800174ACE /* ZJUIKitTableViewController.h */ = {isa = PBXFileReference; fileEncoding = 4; lastKnownFileType = sourcecode.c.h; path = ZJUIKitTableViewController.h; sourceTree = "<group>"; };
		385DBEEE1EB9D40800174ACE /* ZJUIKitTableViewController.m */ = {isa = PBXFileReference; fileEncoding = 4; lastKnownFileType = sourcecode.c.objc; path = ZJUIKitTableViewController.m; sourceTree = "<group>"; };
		385DBEF01EB9D43B00174ACE /* ZJFondationTableViewController.h */ = {isa = PBXFileReference; fileEncoding = 4; lastKnownFileType = sourcecode.c.h; path = ZJFondationTableViewController.h; sourceTree = "<group>"; };
		385DBEF11EB9D43B00174ACE /* ZJFondationTableViewController.m */ = {isa = PBXFileReference; fileEncoding = 4; lastKnownFileType = sourcecode.c.objc; path = ZJFondationTableViewController.m; sourceTree = "<group>"; };
		385DBEF31EB9D49700174ACE /* ZJControllerTableViewController.h */ = {isa = PBXFileReference; fileEncoding = 4; lastKnownFileType = sourcecode.c.h; path = ZJControllerTableViewController.h; sourceTree = "<group>"; };
		385DBEF41EB9D49700174ACE /* ZJControllerTableViewController.m */ = {isa = PBXFileReference; fileEncoding = 4; lastKnownFileType = sourcecode.c.objc; path = ZJControllerTableViewController.m; sourceTree = "<group>"; };
		386151401E9F6AB700341BCB /* AppDelegate.h */ = {isa = PBXFileReference; fileEncoding = 4; lastKnownFileType = sourcecode.c.h; path = AppDelegate.h; sourceTree = "<group>"; };
		386151411E9F6AB700341BCB /* AppDelegate.m */ = {isa = PBXFileReference; fileEncoding = 4; lastKnownFileType = sourcecode.c.objc; path = AppDelegate.m; sourceTree = "<group>"; };
		386151481E9F6BB200341BCB /* UIViewExt.h */ = {isa = PBXFileReference; fileEncoding = 4; lastKnownFileType = sourcecode.c.h; path = UIViewExt.h; sourceTree = "<group>"; };
		386151491E9F6BB200341BCB /* UIViewExt.m */ = {isa = PBXFileReference; fileEncoding = 4; lastKnownFileType = sourcecode.c.objc; path = UIViewExt.m; sourceTree = "<group>"; };
		3861514A1E9F6BB200341BCB /* ZJCategoryHeaderFile.h */ = {isa = PBXFileReference; fileEncoding = 4; lastKnownFileType = sourcecode.c.h; path = ZJCategoryHeaderFile.h; sourceTree = "<group>"; };
		3861514B1E9F6BB200341BCB /* ZJControllerCategory.h */ = {isa = PBXFileReference; fileEncoding = 4; lastKnownFileType = sourcecode.c.h; path = ZJControllerCategory.h; sourceTree = "<group>"; };
		3861514C1E9F6BB200341BCB /* ZJControllerCategory.m */ = {isa = PBXFileReference; fileEncoding = 4; lastKnownFileType = sourcecode.c.objc; path = ZJControllerCategory.m; sourceTree = "<group>"; };
		3861514D1E9F6BB200341BCB /* ZJFondationCategory.h */ = {isa = PBXFileReference; fileEncoding = 4; lastKnownFileType = sourcecode.c.h; path = ZJFondationCategory.h; sourceTree = "<group>"; };
		3861514E1E9F6BB200341BCB /* ZJFondationCategory.m */ = {isa = PBXFileReference; fileEncoding = 4; lastKnownFileType = sourcecode.c.objc; path = ZJFondationCategory.m; sourceTree = "<group>"; };
		3861514F1E9F6BB200341BCB /* ZJNSObjectCategory.h */ = {isa = PBXFileReference; fileEncoding = 4; lastKnownFileType = sourcecode.c.h; path = ZJNSObjectCategory.h; sourceTree = "<group>"; };
		386151501E9F6BB200341BCB /* ZJNSObjectCategory.m */ = {isa = PBXFileReference; fileEncoding = 4; lastKnownFileType = sourcecode.c.objc; path = ZJNSObjectCategory.m; sourceTree = "<group>"; };
		386151511E9F6BB200341BCB /* ZJUIViewCategory.h */ = {isa = PBXFileReference; fileEncoding = 4; lastKnownFileType = sourcecode.c.h; path = ZJUIViewCategory.h; sourceTree = "<group>"; };
		386151521E9F6BB200341BCB /* ZJUIViewCategory.m */ = {isa = PBXFileReference; fileEncoding = 4; lastKnownFileType = sourcecode.c.objc; path = ZJUIViewCategory.m; sourceTree = "<group>"; };
		386151541E9F6BB200341BCB /* ZJIconSubTitleObject.h */ = {isa = PBXFileReference; fileEncoding = 4; lastKnownFileType = sourcecode.c.h; path = ZJIconSubTitleObject.h; sourceTree = "<group>"; };
		386151551E9F6BB200341BCB /* ZJIconSubTitleObject.m */ = {isa = PBXFileReference; fileEncoding = 4; lastKnownFileType = sourcecode.c.objc; path = ZJIconSubTitleObject.m; sourceTree = "<group>"; };
		386151561E9F6BB200341BCB /* ZJModelHeaderFile.h */ = {isa = PBXFileReference; fileEncoding = 4; lastKnownFileType = sourcecode.c.h; path = ZJModelHeaderFile.h; sourceTree = "<group>"; };
		386151571E9F6BB200341BCB /* ZJNameIDObject.h */ = {isa = PBXFileReference; fileEncoding = 4; lastKnownFileType = sourcecode.c.h; path = ZJNameIDObject.h; sourceTree = "<group>"; };
		386151581E9F6BB200341BCB /* ZJNameIDObject.m */ = {isa = PBXFileReference; fileEncoding = 4; lastKnownFileType = sourcecode.c.objc; path = ZJNameIDObject.m; sourceTree = "<group>"; };
		386151591E9F6BB200341BCB /* ZJPageSizeObjectInfo.h */ = {isa = PBXFileReference; fileEncoding = 4; lastKnownFileType = sourcecode.c.h; path = ZJPageSizeObjectInfo.h; sourceTree = "<group>"; };
		3861515A1E9F6BB200341BCB /* ZJPageSizeObjectInfo.m */ = {isa = PBXFileReference; fileEncoding = 4; lastKnownFileType = sourcecode.c.objc; path = ZJPageSizeObjectInfo.m; sourceTree = "<group>"; };
		3861515B1E9F6BB200341BCB /* ZJStandarValueObj.h */ = {isa = PBXFileReference; fileEncoding = 4; lastKnownFileType = sourcecode.c.h; path = ZJStandarValueObj.h; sourceTree = "<group>"; };
		3861515C1E9F6BB200341BCB /* ZJStandarValueObj.m */ = {isa = PBXFileReference; fileEncoding = 4; lastKnownFileType = sourcecode.c.objc; path = ZJStandarValueObj.m; sourceTree = "<group>"; };
		3861515D1E9F6BB200341BCB /* ZJTimeValueObject.h */ = {isa = PBXFileReference; fileEncoding = 4; lastKnownFileType = sourcecode.c.h; path = ZJTimeValueObject.h; sourceTree = "<group>"; };
		3861515E1E9F6BB200341BCB /* ZJTimeValueObject.m */ = {isa = PBXFileReference; fileEncoding = 4; lastKnownFileType = sourcecode.c.objc; path = ZJTimeValueObject.m; sourceTree = "<group>"; };
		3861517E1E9F6BB200341BCB /* ZJCollectionTableViewCell.h */ = {isa = PBXFileReference; fileEncoding = 4; lastKnownFileType = sourcecode.c.h; path = ZJCollectionTableViewCell.h; sourceTree = "<group>"; };
		3861517F1E9F6BB200341BCB /* ZJCollectionTableViewCell.m */ = {isa = PBXFileReference; fileEncoding = 4; lastKnownFileType = sourcecode.c.objc; path = ZJCollectionTableViewCell.m; sourceTree = "<group>"; };
		386151801E9F6BB200341BCB /* ZJCollectionTableViewCell.xib */ = {isa = PBXFileReference; fileEncoding = 4; lastKnownFileType = file.xib; path = ZJCollectionTableViewCell.xib; sourceTree = "<group>"; };
		386151811E9F6BB200341BCB /* ZJIconTitleHorizontalCollectionViewCell.h */ = {isa = PBXFileReference; fileEncoding = 4; lastKnownFileType = sourcecode.c.h; path = ZJIconTitleHorizontalCollectionViewCell.h; sourceTree = "<group>"; };
		386151821E9F6BB200341BCB /* ZJIconTitleHorizontalCollectionViewCell.m */ = {isa = PBXFileReference; fileEncoding = 4; lastKnownFileType = sourcecode.c.objc; path = ZJIconTitleHorizontalCollectionViewCell.m; sourceTree = "<group>"; };
		386151831E9F6BB200341BCB /* ZJIconTitleHorizontalCollectionViewCell.xib */ = {isa = PBXFileReference; fileEncoding = 4; lastKnownFileType = file.xib; path = ZJIconTitleHorizontalCollectionViewCell.xib; sourceTree = "<group>"; };
		386151841E9F6BB200341BCB /* ZJIconTitleVerticalCollectionViewCell.h */ = {isa = PBXFileReference; fileEncoding = 4; lastKnownFileType = sourcecode.c.h; path = ZJIconTitleVerticalCollectionViewCell.h; sourceTree = "<group>"; };
		386151851E9F6BB200341BCB /* ZJIconTitleVerticalCollectionViewCell.m */ = {isa = PBXFileReference; fileEncoding = 4; lastKnownFileType = sourcecode.c.objc; path = ZJIconTitleVerticalCollectionViewCell.m; sourceTree = "<group>"; };
		386151861E9F6BB200341BCB /* ZJIconTitleVerticalCollectionViewCell.xib */ = {isa = PBXFileReference; fileEncoding = 4; lastKnownFileType = file.xib; path = ZJIconTitleVerticalCollectionViewCell.xib; sourceTree = "<group>"; };
		386151881E9F6BB200341BCB /* ZJImageTextFieldTableViewCell.h */ = {isa = PBXFileReference; fileEncoding = 4; lastKnownFileType = sourcecode.c.h; path = ZJImageTextFieldTableViewCell.h; sourceTree = "<group>"; };
		386151891E9F6BB200341BCB /* ZJImageTextFieldTableViewCell.m */ = {isa = PBXFileReference; fileEncoding = 4; lastKnownFileType = sourcecode.c.objc; path = ZJImageTextFieldTableViewCell.m; sourceTree = "<group>"; };
		3861518A1E9F6BB200341BCB /* ZJImageTextFieldTableViewCell.xib */ = {isa = PBXFileReference; fileEncoding = 4; lastKnownFileType = file.xib; path = ZJImageTextFieldTableViewCell.xib; sourceTree = "<group>"; };
		386151901E9F6BB200341BCB /* ZJSelectSexTableViewCell.h */ = {isa = PBXFileReference; fileEncoding = 4; lastKnownFileType = sourcecode.c.h; path = ZJSelectSexTableViewCell.h; sourceTree = "<group>"; };
		386151911E9F6BB200341BCB /* ZJSelectSexTableViewCell.m */ = {isa = PBXFileReference; fileEncoding = 4; lastKnownFileType = sourcecode.c.objc; path = ZJSelectSexTableViewCell.m; sourceTree = "<group>"; };
		386151921E9F6BB200341BCB /* ZJSelectSexTableViewCell.xib */ = {isa = PBXFileReference; fileEncoding = 4; lastKnownFileType = file.xib; path = ZJSelectSexTableViewCell.xib; sourceTree = "<group>"; };
		386151971E9F6BB300341BCB /* ZJTitleTextFieldTableViewCell.h */ = {isa = PBXFileReference; fileEncoding = 4; lastKnownFileType = sourcecode.c.h; path = ZJTitleTextFieldTableViewCell.h; sourceTree = "<group>"; };
		386151981E9F6BB300341BCB /* ZJTitleTextFieldTableViewCell.m */ = {isa = PBXFileReference; fileEncoding = 4; lastKnownFileType = sourcecode.c.objc; path = ZJTitleTextFieldTableViewCell.m; sourceTree = "<group>"; };
		386151991E9F6BB300341BCB /* ZJTitleTextFieldTableViewCell.xib */ = {isa = PBXFileReference; fileEncoding = 4; lastKnownFileType = file.xib; path = ZJTitleTextFieldTableViewCell.xib; sourceTree = "<group>"; };
		3861519B1E9F6BB300341BCB /* HYErrorView.h */ = {isa = PBXFileReference; fileEncoding = 4; lastKnownFileType = sourcecode.c.h; path = HYErrorView.h; sourceTree = "<group>"; };
		3861519C1E9F6BB300341BCB /* HYErrorView.m */ = {isa = PBXFileReference; fileEncoding = 4; lastKnownFileType = sourcecode.c.objc; path = HYErrorView.m; sourceTree = "<group>"; };
		3861519D1E9F6BB300341BCB /* HYErrorView.xib */ = {isa = PBXFileReference; fileEncoding = 4; lastKnownFileType = file.xib; path = HYErrorView.xib; sourceTree = "<group>"; };
		386151A21E9F6BB300341BCB /* ZJFooterView.h */ = {isa = PBXFileReference; fileEncoding = 4; lastKnownFileType = sourcecode.c.h; path = ZJFooterView.h; sourceTree = "<group>"; };
		386151A31E9F6BB300341BCB /* ZJFooterView.m */ = {isa = PBXFileReference; fileEncoding = 4; lastKnownFileType = sourcecode.c.objc; path = ZJFooterView.m; sourceTree = "<group>"; };
		386151A41E9F6BB300341BCB /* ZJProgressView.h */ = {isa = PBXFileReference; fileEncoding = 4; lastKnownFileType = sourcecode.c.h; path = ZJProgressView.h; sourceTree = "<group>"; };
		386151A51E9F6BB300341BCB /* ZJProgressView.m */ = {isa = PBXFileReference; fileEncoding = 4; lastKnownFileType = sourcecode.c.objc; path = ZJProgressView.m; sourceTree = "<group>"; };
		386151A61E9F6BB300341BCB /* ZJRoundImageView.h */ = {isa = PBXFileReference; fileEncoding = 4; lastKnownFileType = sourcecode.c.h; path = ZJRoundImageView.h; sourceTree = "<group>"; };
		386151A71E9F6BB300341BCB /* ZJRoundImageView.m */ = {isa = PBXFileReference; fileEncoding = 4; lastKnownFileType = sourcecode.c.objc; path = ZJRoundImageView.m; sourceTree = "<group>"; };
		386151A81E9F6BB300341BCB /* ZJScrollView.h */ = {isa = PBXFileReference; fileEncoding = 4; lastKnownFileType = sourcecode.c.h; path = ZJScrollView.h; sourceTree = "<group>"; };
		386151A91E9F6BB300341BCB /* ZJScrollView.m */ = {isa = PBXFileReference; fileEncoding = 4; lastKnownFileType = sourcecode.c.objc; path = ZJScrollView.m; sourceTree = "<group>"; };
		386151AA1E9F6BB300341BCB /* ZJStarLevelView.h */ = {isa = PBXFileReference; fileEncoding = 4; lastKnownFileType = sourcecode.c.h; path = ZJStarLevelView.h; sourceTree = "<group>"; };
		386151AB1E9F6BB300341BCB /* ZJStarLevelView.m */ = {isa = PBXFileReference; fileEncoding = 4; lastKnownFileType = sourcecode.c.objc; path = ZJStarLevelView.m; sourceTree = "<group>"; };
		386151AD1E9F6BB300341BCB /* ZJDatePicker.h */ = {isa = PBXFileReference; fileEncoding = 4; lastKnownFileType = sourcecode.c.h; path = ZJDatePicker.h; sourceTree = "<group>"; };
		386151AE1E9F6BB300341BCB /* ZJDatePicker.m */ = {isa = PBXFileReference; fileEncoding = 4; lastKnownFileType = sourcecode.c.objc; path = ZJDatePicker.m; sourceTree = "<group>"; };
		386151AF1E9F6BB300341BCB /* ZJMaskView.h */ = {isa = PBXFileReference; fileEncoding = 4; lastKnownFileType = sourcecode.c.h; path = ZJMaskView.h; sourceTree = "<group>"; };
		386151B01E9F6BB300341BCB /* ZJMaskView.m */ = {isa = PBXFileReference; fileEncoding = 4; lastKnownFileType = sourcecode.c.objc; path = ZJMaskView.m; sourceTree = "<group>"; };
		386151B11E9F6BB300341BCB /* ZJPicker.h */ = {isa = PBXFileReference; fileEncoding = 4; lastKnownFileType = sourcecode.c.h; path = ZJPicker.h; sourceTree = "<group>"; };
		386151B21E9F6BB300341BCB /* ZJPickerView.h */ = {isa = PBXFileReference; fileEncoding = 4; lastKnownFileType = sourcecode.c.h; path = ZJPickerView.h; sourceTree = "<group>"; };
		386151B31E9F6BB300341BCB /* ZJPickerView.m */ = {isa = PBXFileReference; fileEncoding = 4; lastKnownFileType = sourcecode.c.objc; path = ZJPickerView.m; sourceTree = "<group>"; };
		386151B41E9F6BB300341BCB /* ZJTopEdgeTitleView.h */ = {isa = PBXFileReference; fileEncoding = 4; lastKnownFileType = sourcecode.c.h; path = ZJTopEdgeTitleView.h; sourceTree = "<group>"; };
		386151B51E9F6BB300341BCB /* ZJTopEdgeTitleView.m */ = {isa = PBXFileReference; fileEncoding = 4; lastKnownFileType = sourcecode.c.objc; path = ZJTopEdgeTitleView.m; sourceTree = "<group>"; };
		386151B71E9F6BB300341BCB /* qrcode_scanline_barcode@2x.png */ = {isa = PBXFileReference; lastKnownFileType = image.png; path = "qrcode_scanline_barcode@2x.png"; sourceTree = "<group>"; };
		386151B81E9F6BB300341BCB /* ZJQRCodeView.h */ = {isa = PBXFileReference; fileEncoding = 4; lastKnownFileType = sourcecode.c.h; path = ZJQRCodeView.h; sourceTree = "<group>"; };
		386151B91E9F6BB300341BCB /* ZJQRCodeViewController.h */ = {isa = PBXFileReference; fileEncoding = 4; lastKnownFileType = sourcecode.c.h; path = ZJQRCodeViewController.h; sourceTree = "<group>"; };
		386151BA1E9F6BB300341BCB /* ZJQRCodeViewController.m */ = {isa = PBXFileReference; fileEncoding = 4; lastKnownFileType = sourcecode.c.objc; path = ZJQRCodeViewController.m; sourceTree = "<group>"; };
		386151BB1E9F6BB300341BCB /* ZJQRView.h */ = {isa = PBXFileReference; fileEncoding = 4; lastKnownFileType = sourcecode.c.h; path = ZJQRView.h; sourceTree = "<group>"; };
		386151BC1E9F6BB300341BCB /* ZJQRView.m */ = {isa = PBXFileReference; fileEncoding = 4; lastKnownFileType = sourcecode.c.objc; path = ZJQRView.m; sourceTree = "<group>"; };
		386151BE1E9F6BB300341BCB /* ZJSearchingContentsLayer.h */ = {isa = PBXFileReference; fileEncoding = 4; lastKnownFileType = sourcecode.c.h; path = ZJSearchingContentsLayer.h; sourceTree = "<group>"; };
		386151BF1E9F6BB300341BCB /* ZJSearchingContentsLayer.m */ = {isa = PBXFileReference; fileEncoding = 4; lastKnownFileType = sourcecode.c.objc; path = ZJSearchingContentsLayer.m; sourceTree = "<group>"; };
		386151C01E9F6BB300341BCB /* ZJSearchingView.h */ = {isa = PBXFileReference; fileEncoding = 4; lastKnownFileType = sourcecode.c.h; path = ZJSearchingView.h; sourceTree = "<group>"; };
		386151C11E9F6BB300341BCB /* ZJSearchingView.m */ = {isa = PBXFileReference; fileEncoding = 4; lastKnownFileType = sourcecode.c.objc; path = ZJSearchingView.m; sourceTree = "<group>"; };
		386151C31E9F6BB300341BCB /* ZJSelectButton.h */ = {isa = PBXFileReference; fileEncoding = 4; lastKnownFileType = sourcecode.c.h; path = ZJSelectButton.h; sourceTree = "<group>"; };
		386151C41E9F6BB300341BCB /* ZJSelectButton.m */ = {isa = PBXFileReference; fileEncoding = 4; lastKnownFileType = sourcecode.c.objc; path = ZJSelectButton.m; sourceTree = "<group>"; };
		386151C51E9F6BB300341BCB /* ZJViewHeaderFile.h */ = {isa = PBXFileReference; fileEncoding = 4; lastKnownFileType = sourcecode.c.h; path = ZJViewHeaderFile.h; sourceTree = "<group>"; };
		386151CA1E9F6BB300341BCB /* ZJControllerHeaderFile.h */ = {isa = PBXFileReference; fileEncoding = 4; lastKnownFileType = sourcecode.c.h; path = ZJControllerHeaderFile.h; sourceTree = "<group>"; };
		386151CB1E9F6BB300341BCB /* ZJNavigationController.h */ = {isa = PBXFileReference; fileEncoding = 4; lastKnownFileType = sourcecode.c.h; path = ZJNavigationController.h; sourceTree = "<group>"; };
		386151CC1E9F6BB300341BCB /* ZJNavigationController.m */ = {isa = PBXFileReference; fileEncoding = 4; lastKnownFileType = sourcecode.c.objc; path = ZJNavigationController.m; sourceTree = "<group>"; };
		386151D01E9F6BB300341BCB /* ZJBLEDevice.h */ = {isa = PBXFileReference; fileEncoding = 4; lastKnownFileType = sourcecode.c.h; path = ZJBLEDevice.h; sourceTree = "<group>"; };
		386151D11E9F6BB300341BCB /* ZJBLEDevice.m */ = {isa = PBXFileReference; fileEncoding = 4; lastKnownFileType = sourcecode.c.objc; path = ZJBLEDevice.m; sourceTree = "<group>"; };
		386151D21E9F6BB300341BCB /* ZJBLEDeviceManager.h */ = {isa = PBXFileReference; fileEncoding = 4; lastKnownFileType = sourcecode.c.h; path = ZJBLEDeviceManager.h; sourceTree = "<group>"; };
		386151D31E9F6BB300341BCB /* ZJBLEDeviceManager.m */ = {isa = PBXFileReference; fileEncoding = 4; lastKnownFileType = sourcecode.c.objc; path = ZJBLEDeviceManager.m; sourceTree = "<group>"; };
		386151D41E9F6BB300341BCB /* ZJBLETool.h */ = {isa = PBXFileReference; fileEncoding = 4; lastKnownFileType = sourcecode.c.h; path = ZJBLETool.h; sourceTree = "<group>"; };
		386151D51E9F6BB300341BCB /* ZJHeaderFile.h */ = {isa = PBXFileReference; fileEncoding = 4; lastKnownFileType = sourcecode.c.h; path = ZJHeaderFile.h; sourceTree = "<group>"; };
		3864E9911F0B30FF0045C374 /* ZJIconTitleCollectionViewCell.h */ = {isa = PBXFileReference; fileEncoding = 4; lastKnownFileType = sourcecode.c.h; path = ZJIconTitleCollectionViewCell.h; sourceTree = "<group>"; };
		3864E9921F0B30FF0045C374 /* ZJIconTitleCollectionViewCell.m */ = {isa = PBXFileReference; fileEncoding = 4; lastKnownFileType = sourcecode.c.objc; path = ZJIconTitleCollectionViewCell.m; sourceTree = "<group>"; };
		386593C11EBAB85C0041601D /* ZJTestApplicationViewController.h */ = {isa = PBXFileReference; fileEncoding = 4; lastKnownFileType = sourcecode.c.h; path = ZJTestApplicationViewController.h; sourceTree = "<group>"; };
		386593C21EBAB85C0041601D /* ZJTestApplicationViewController.m */ = {isa = PBXFileReference; fileEncoding = 4; lastKnownFileType = sourcecode.c.objc; path = ZJTestApplicationViewController.m; sourceTree = "<group>"; };
		386593C41EBAB87C0041601D /* ZJTestLabelViewController.h */ = {isa = PBXFileReference; fileEncoding = 4; lastKnownFileType = sourcecode.c.h; path = ZJTestLabelViewController.h; sourceTree = "<group>"; };
		386593C51EBAB87C0041601D /* ZJTestLabelViewController.m */ = {isa = PBXFileReference; fileEncoding = 4; lastKnownFileType = sourcecode.c.objc; path = ZJTestLabelViewController.m; sourceTree = "<group>"; };
		386593C81EBB1A220041601D /* ZJWebViewController.m */ = {isa = PBXFileReference; fileEncoding = 4; lastKnownFileType = sourcecode.c.objc; path = ZJWebViewController.m; sourceTree = "<group>"; };
		386593C91EBB1A220041601D /* ZJWebViewController.h */ = {isa = PBXFileReference; fileEncoding = 4; lastKnownFileType = sourcecode.c.h; path = ZJWebViewController.h; sourceTree = "<group>"; };
		386593CC1EBB1E940041601D /* ZJTestWebViewController.h */ = {isa = PBXFileReference; fileEncoding = 4; lastKnownFileType = sourcecode.c.h; path = ZJTestWebViewController.h; sourceTree = "<group>"; };
		386593CD1EBB1E940041601D /* ZJTestWebViewController.m */ = {isa = PBXFileReference; fileEncoding = 4; lastKnownFileType = sourcecode.c.objc; path = ZJTestWebViewController.m; sourceTree = "<group>"; };
		386593D01EBB24260041601D /* ZJOtherTableViewController.h */ = {isa = PBXFileReference; fileEncoding = 4; lastKnownFileType = sourcecode.c.h; path = ZJOtherTableViewController.h; sourceTree = "<group>"; };
		386593D11EBB24260041601D /* ZJOtherTableViewController.m */ = {isa = PBXFileReference; fileEncoding = 4; lastKnownFileType = sourcecode.c.objc; path = ZJOtherTableViewController.m; sourceTree = "<group>"; };
		386593D31EBB245E0041601D /* ZJTextViewController.h */ = {isa = PBXFileReference; fileEncoding = 4; lastKnownFileType = sourcecode.c.h; path = ZJTextViewController.h; sourceTree = "<group>"; };
		386593D41EBB245E0041601D /* ZJTextViewController.m */ = {isa = PBXFileReference; fileEncoding = 4; lastKnownFileType = sourcecode.c.objc; path = ZJTextViewController.m; sourceTree = "<group>"; };
		386593D91EBB32810041601D /* ZJTestScrollViewController.h */ = {isa = PBXFileReference; fileEncoding = 4; lastKnownFileType = sourcecode.c.h; path = ZJTestScrollViewController.h; sourceTree = "<group>"; };
		386593DA1EBB32810041601D /* ZJTestScrollViewController.m */ = {isa = PBXFileReference; fileEncoding = 4; lastKnownFileType = sourcecode.c.objc; path = ZJTestScrollViewController.m; sourceTree = "<group>"; };
		387033E41DFAC37900426DA3 /* TestCategory.app */ = {isa = PBXFileReference; explicitFileType = wrapper.application; includeInIndex = 0; path = TestCategory.app; sourceTree = BUILT_PRODUCTS_DIR; };
		387033E81DFAC37900426DA3 /* main.m */ = {isa = PBXFileReference; lastKnownFileType = sourcecode.c.objc; path = main.m; sourceTree = "<group>"; };
		387033F41DFAC37900426DA3 /* TestCategory.xcdatamodel */ = {isa = PBXFileReference; lastKnownFileType = wrapper.xcdatamodel; path = TestCategory.xcdatamodel; sourceTree = "<group>"; };
		387033F61DFAC37900426DA3 /* Assets.xcassets */ = {isa = PBXFileReference; lastKnownFileType = folder.assetcatalog; path = Assets.xcassets; sourceTree = "<group>"; };
		387033F91DFAC37900426DA3 /* Base */ = {isa = PBXFileReference; lastKnownFileType = file.storyboard; name = Base; path = Base.lproj/LaunchScreen.storyboard; sourceTree = "<group>"; };
		387033FB1DFAC37900426DA3 /* Info.plist */ = {isa = PBXFileReference; lastKnownFileType = text.plist.xml; path = Info.plist; sourceTree = "<group>"; };
		387034001DFAC37900426DA3 /* TestCategoryTests.xctest */ = {isa = PBXFileReference; explicitFileType = wrapper.cfbundle; includeInIndex = 0; path = TestCategoryTests.xctest; sourceTree = BUILT_PRODUCTS_DIR; };
		387034041DFAC37900426DA3 /* TestCategoryTests.m */ = {isa = PBXFileReference; lastKnownFileType = sourcecode.c.objc; path = TestCategoryTests.m; sourceTree = "<group>"; };
		387034061DFAC37900426DA3 /* Info.plist */ = {isa = PBXFileReference; lastKnownFileType = text.plist.xml; path = Info.plist; sourceTree = "<group>"; };
		3870340B1DFAC37900426DA3 /* TestCategoryUITests.xctest */ = {isa = PBXFileReference; explicitFileType = wrapper.cfbundle; includeInIndex = 0; path = TestCategoryUITests.xctest; sourceTree = BUILT_PRODUCTS_DIR; };
		3870340F1DFAC37900426DA3 /* TestCategoryUITests.m */ = {isa = PBXFileReference; lastKnownFileType = sourcecode.c.objc; path = TestCategoryUITests.m; sourceTree = "<group>"; };
		387034111DFAC37900426DA3 /* Info.plist */ = {isa = PBXFileReference; lastKnownFileType = text.plist.xml; path = Info.plist; sourceTree = "<group>"; };
		3878B3651ED92B7F0027222C /* ZJSwipeTableViewCell.h */ = {isa = PBXFileReference; fileEncoding = 4; lastKnownFileType = sourcecode.c.h; path = ZJSwipeTableViewCell.h; sourceTree = "<group>"; };
		3878B3661ED92B7F0027222C /* ZJSwipeTableViewCell.m */ = {isa = PBXFileReference; fileEncoding = 4; lastKnownFileType = sourcecode.c.objc; path = ZJSwipeTableViewCell.m; sourceTree = "<group>"; };
		3878B3671ED92B7F0027222C /* ZJSwipeTableViewCell.xib */ = {isa = PBXFileReference; fileEncoding = 4; lastKnownFileType = file.xib; path = ZJSwipeTableViewCell.xib; sourceTree = "<group>"; };
		387FA57E1ED2E5C70038D93B /* ZJSearchingViewController.h */ = {isa = PBXFileReference; fileEncoding = 4; lastKnownFileType = sourcecode.c.h; path = ZJSearchingViewController.h; sourceTree = "<group>"; };
		387FA57F1ED2E5C70038D93B /* ZJSearchingViewController.m */ = {isa = PBXFileReference; fileEncoding = 4; lastKnownFileType = sourcecode.c.objc; path = ZJSearchingViewController.m; sourceTree = "<group>"; };
		388119391F0CD9C200C24A89 /* ZJTestAlertViewController.xib */ = {isa = PBXFileReference; fileEncoding = 4; lastKnownFileType = file.xib; path = ZJTestAlertViewController.xib; sourceTree = "<group>"; };
		3881193A1F0CD9C200C24A89 /* ZJTestAlertViewController.m */ = {isa = PBXFileReference; fileEncoding = 4; lastKnownFileType = sourcecode.c.objc; path = ZJTestAlertViewController.m; sourceTree = "<group>"; };
		3881193B1F0CD9C200C24A89 /* ZJTestAlertViewController.h */ = {isa = PBXFileReference; fileEncoding = 4; lastKnownFileType = sourcecode.c.h; path = ZJTestAlertViewController.h; sourceTree = "<group>"; };
		3881193F1F0CDD6E00C24A89 /* ZJProgressViewController.m */ = {isa = PBXFileReference; fileEncoding = 4; lastKnownFileType = sourcecode.c.objc; path = ZJProgressViewController.m; sourceTree = "<group>"; };
		388119401F0CDD6E00C24A89 /* ZJProgressViewController.h */ = {isa = PBXFileReference; fileEncoding = 4; lastKnownFileType = sourcecode.c.h; path = ZJProgressViewController.h; sourceTree = "<group>"; };
		388119431F0CDE1500C24A89 /* ZJTestBundleViewController.h */ = {isa = PBXFileReference; fileEncoding = 4; lastKnownFileType = sourcecode.c.h; path = ZJTestBundleViewController.h; sourceTree = "<group>"; };
		388119441F0CDE1500C24A89 /* ZJTestBundleViewController.m */ = {isa = PBXFileReference; fileEncoding = 4; lastKnownFileType = sourcecode.c.objc; path = ZJTestBundleViewController.m; sourceTree = "<group>"; };
		388119451F0CDE1500C24A89 /* ZJTestFileTableViewController.h */ = {isa = PBXFileReference; fileEncoding = 4; lastKnownFileType = sourcecode.c.h; path = ZJTestFileTableViewController.h; sourceTree = "<group>"; };
		388119461F0CDE1500C24A89 /* ZJTestFileTableViewController.m */ = {isa = PBXFileReference; fileEncoding = 4; lastKnownFileType = sourcecode.c.objc; path = ZJTestFileTableViewController.m; sourceTree = "<group>"; };
		388119471F0CDE1500C24A89 /* ZJTestSysDirViewController.h */ = {isa = PBXFileReference; fileEncoding = 4; lastKnownFileType = sourcecode.c.h; path = ZJTestSysDirViewController.h; sourceTree = "<group>"; };
		388119481F0CDE1500C24A89 /* ZJTestSysDirViewController.m */ = {isa = PBXFileReference; fileEncoding = 4; lastKnownFileType = sourcecode.c.objc; path = ZJTestSysDirViewController.m; sourceTree = "<group>"; };
		3881194A1F0CDE1500C24A89 /* UIViewController+ZJVCCategory.h */ = {isa = PBXFileReference; fileEncoding = 4; lastKnownFileType = sourcecode.c.h; path = "UIViewController+ZJVCCategory.h"; sourceTree = "<group>"; };
		3881194B1F0CDE1500C24A89 /* UIViewController+ZJVCCategory.m */ = {isa = PBXFileReference; fileEncoding = 4; lastKnownFileType = sourcecode.c.objc; path = "UIViewController+ZJVCCategory.m"; sourceTree = "<group>"; };
		3881194C1F0CDE1500C24A89 /* UIViewController_ZJVCExtention.h */ = {isa = PBXFileReference; fileEncoding = 4; lastKnownFileType = sourcecode.c.h; path = UIViewController_ZJVCExtention.h; sourceTree = "<group>"; };
		3881194D1F0CDE1500C24A89 /* ZJTestCategoryViewController.h */ = {isa = PBXFileReference; fileEncoding = 4; lastKnownFileType = sourcecode.c.h; path = ZJTestCategoryViewController.h; sourceTree = "<group>"; };
		3881194E1F0CDE1500C24A89 /* ZJTestCategoryViewController.m */ = {isa = PBXFileReference; fileEncoding = 4; lastKnownFileType = sourcecode.c.objc; path = ZJTestCategoryViewController.m; sourceTree = "<group>"; };
		388119501F0CDE1500C24A89 /* ZJTestBackBarButtonItemViewController.h */ = {isa = PBXFileReference; fileEncoding = 4; lastKnownFileType = sourcecode.c.h; path = ZJTestBackBarButtonItemViewController.h; sourceTree = "<group>"; };
		388119511F0CDE1500C24A89 /* ZJTestBackBarButtonItemViewController.m */ = {isa = PBXFileReference; fileEncoding = 4; lastKnownFileType = sourcecode.c.objc; path = ZJTestBackBarButtonItemViewController.m; sourceTree = "<group>"; };
		388119521F0CDE1500C24A89 /* ZJTestNavigationItemViewController.h */ = {isa = PBXFileReference; fileEncoding = 4; lastKnownFileType = sourcecode.c.h; path = ZJTestNavigationItemViewController.h; sourceTree = "<group>"; };
		388119531F0CDE1500C24A89 /* ZJTestNavigationItemViewController.m */ = {isa = PBXFileReference; fileEncoding = 4; lastKnownFileType = sourcecode.c.objc; path = ZJTestNavigationItemViewController.m; sourceTree = "<group>"; };
		388119541F0CDE1500C24A89 /* ZJTestTranslucentViewController.h */ = {isa = PBXFileReference; fileEncoding = 4; lastKnownFileType = sourcecode.c.h; path = ZJTestTranslucentViewController.h; sourceTree = "<group>"; };
		388119551F0CDE1500C24A89 /* ZJTestTranslucentViewController.m */ = {isa = PBXFileReference; fileEncoding = 4; lastKnownFileType = sourcecode.c.objc; path = ZJTestTranslucentViewController.m; sourceTree = "<group>"; };
		388119561F0CDE1500C24A89 /* ZJTestTranslucentViewController.xib */ = {isa = PBXFileReference; fileEncoding = 4; lastKnownFileType = file.xib; path = ZJTestTranslucentViewController.xib; sourceTree = "<group>"; };
		388119581F0CDE1500C24A89 /* ZJSearchDeviceTableViewController.h */ = {isa = PBXFileReference; fileEncoding = 4; lastKnownFileType = sourcecode.c.h; path = ZJSearchDeviceTableViewController.h; sourceTree = "<group>"; };
		388119591F0CDE1500C24A89 /* ZJSearchDeviceTableViewController.m */ = {isa = PBXFileReference; fileEncoding = 4; lastKnownFileType = sourcecode.c.objc; path = ZJSearchDeviceTableViewController.m; sourceTree = "<group>"; };
		3881195A1F0CDE1500C24A89 /* ZJTestBluetoothViewController.h */ = {isa = PBXFileReference; fileEncoding = 4; lastKnownFileType = sourcecode.c.h; path = ZJTestBluetoothViewController.h; sourceTree = "<group>"; };
		3881195B1F0CDE1500C24A89 /* ZJTestBluetoothViewController.m */ = {isa = PBXFileReference; fileEncoding = 4; lastKnownFileType = sourcecode.c.objc; path = ZJTestBluetoothViewController.m; sourceTree = "<group>"; };
		3881195C1F0CDE1500C24A89 /* ZJTestBluetoothViewController.xib */ = {isa = PBXFileReference; fileEncoding = 4; lastKnownFileType = file.xib; path = ZJTestBluetoothViewController.xib; sourceTree = "<group>"; };
		3881195E1F0CDE1500C24A89 /* ZJCAReplicatorLayerViewController.h */ = {isa = PBXFileReference; fileEncoding = 4; lastKnownFileType = sourcecode.c.h; path = ZJCAReplicatorLayerViewController.h; sourceTree = "<group>"; };
		3881195F1F0CDE1500C24A89 /* ZJCAReplicatorLayerViewController.m */ = {isa = PBXFileReference; fileEncoding = 4; lastKnownFileType = sourcecode.c.objc; path = ZJCAReplicatorLayerViewController.m; sourceTree = "<group>"; };
		388119601F0CDE1500C24A89 /* ZJCAReplicatorLayerViewController.xib */ = {isa = PBXFileReference; fileEncoding = 4; lastKnownFileType = file.xib; path = ZJCAReplicatorLayerViewController.xib; sourceTree = "<group>"; };
		3881196F1F0CE03400C24A89 /* ZJTopicTableViewController.h */ = {isa = PBXFileReference; fileEncoding = 4; lastKnownFileType = sourcecode.c.h; path = ZJTopicTableViewController.h; sourceTree = "<group>"; };
		388119701F0CE03400C24A89 /* ZJTopicTableViewController.m */ = {isa = PBXFileReference; fileEncoding = 4; lastKnownFileType = sourcecode.c.objc; path = ZJTopicTableViewController.m; sourceTree = "<group>"; };
		389530401EC5A351004511C8 /* ZJTestViewController.xib */ = {isa = PBXFileReference; fileEncoding = 4; lastKnownFileType = file.xib; path = ZJTestViewController.xib; sourceTree = "<group>"; };
		389530411EC5A351004511C8 /* ZJTestViewController.m */ = {isa = PBXFileReference; fileEncoding = 4; lastKnownFileType = sourcecode.c.objc; path = ZJTestViewController.m; sourceTree = "<group>"; };
		389530421EC5A351004511C8 /* ZJTestViewController.h */ = {isa = PBXFileReference; fileEncoding = 4; lastKnownFileType = sourcecode.c.h; path = ZJTestViewController.h; sourceTree = "<group>"; };
		389530581EC5AA14004511C8 /* note */ = {isa = PBXFileReference; fileEncoding = 4; lastKnownFileType = text; path = note; sourceTree = "<group>"; };
		389C5F9D1F09DF5800921EA8 /* ZJIconTitleNormalCollectionViewCell.xib */ = {isa = PBXFileReference; fileEncoding = 4; lastKnownFileType = file.xib; path = ZJIconTitleNormalCollectionViewCell.xib; sourceTree = "<group>"; };
		389C5F9E1F09DF5800921EA8 /* ZJIconTitleNormalCollectionViewCell.m */ = {isa = PBXFileReference; fileEncoding = 4; lastKnownFileType = sourcecode.c.objc; path = ZJIconTitleNormalCollectionViewCell.m; sourceTree = "<group>"; };
		389C5F9F1F09DF5800921EA8 /* ZJIconTitleNormalCollectionViewCell.h */ = {isa = PBXFileReference; fileEncoding = 4; lastKnownFileType = sourcecode.c.h; path = ZJIconTitleNormalCollectionViewCell.h; sourceTree = "<group>"; };
		389C5FB41F0A1D6E00921EA8 /* ZJTestCollectionViewController.h */ = {isa = PBXFileReference; fileEncoding = 4; lastKnownFileType = sourcecode.c.h; path = ZJTestCollectionViewController.h; sourceTree = "<group>"; };
		389C5FB51F0A1D6E00921EA8 /* ZJTestCollectionViewController.m */ = {isa = PBXFileReference; fileEncoding = 4; lastKnownFileType = sourcecode.c.objc; path = ZJTestCollectionViewController.m; sourceTree = "<group>"; };
		389C5FB61F0A1D6E00921EA8 /* ZJTestCollectionViewController.xib */ = {isa = PBXFileReference; fileEncoding = 4; lastKnownFileType = file.xib; path = ZJTestCollectionViewController.xib; sourceTree = "<group>"; };
		38E032071EC01FD900401CBE /* TestWrite.txt */ = {isa = PBXFileReference; fileEncoding = 4; lastKnownFileType = text; path = TestWrite.txt; sourceTree = "<group>"; };
		38E58E0F1EB9EB870072EB0D /* ZJTestStringViewController.h */ = {isa = PBXFileReference; fileEncoding = 4; lastKnownFileType = sourcecode.c.h; path = ZJTestStringViewController.h; sourceTree = "<group>"; };
		38E58E101EB9EB870072EB0D /* ZJTestStringViewController.m */ = {isa = PBXFileReference; fileEncoding = 4; lastKnownFileType = sourcecode.c.objc; path = ZJTestStringViewController.m; sourceTree = "<group>"; };
		38E58E121EB9EC3C0072EB0D /* ZJTestNumberViewController.m */ = {isa = PBXFileReference; fileEncoding = 4; lastKnownFileType = sourcecode.c.objc; path = ZJTestNumberViewController.m; sourceTree = "<group>"; };
		38E58E131EB9EC3C0072EB0D /* ZJTestNumberViewController.h */ = {isa = PBXFileReference; fileEncoding = 4; lastKnownFileType = sourcecode.c.h; path = ZJTestNumberViewController.h; sourceTree = "<group>"; };
		38E58E141EB9EC3C0072EB0D /* ZJTestArrayViewController.m */ = {isa = PBXFileReference; fileEncoding = 4; lastKnownFileType = sourcecode.c.objc; path = ZJTestArrayViewController.m; sourceTree = "<group>"; };
		38E58E151EB9EC3C0072EB0D /* ZJTestArrayViewController.h */ = {isa = PBXFileReference; fileEncoding = 4; lastKnownFileType = sourcecode.c.h; path = ZJTestArrayViewController.h; sourceTree = "<group>"; };
/* End PBXFileReference section */

/* Begin PBXFrameworksBuildPhase section */
		387033E11DFAC37900426DA3 /* Frameworks */ = {
			isa = PBXFrameworksBuildPhase;
			buildActionMask = 2147483647;
			files = (
			);
			runOnlyForDeploymentPostprocessing = 0;
		};
		387033FD1DFAC37900426DA3 /* Frameworks */ = {
			isa = PBXFrameworksBuildPhase;
			buildActionMask = 2147483647;
			files = (
			);
			runOnlyForDeploymentPostprocessing = 0;
		};
		387034081DFAC37900426DA3 /* Frameworks */ = {
			isa = PBXFrameworksBuildPhase;
			buildActionMask = 2147483647;
			files = (
			);
			runOnlyForDeploymentPostprocessing = 0;
		};
/* End PBXFrameworksBuildPhase section */

/* Begin PBXGroup section */
		3852DC061EA0C2D600F63B36 /* 02_Fondation */ = {
			isa = PBXGroup;
			children = (
				385DBEF01EB9D43B00174ACE /* ZJFondationTableViewController.h */,
				385DBEF11EB9D43B00174ACE /* ZJFondationTableViewController.m */,
				38E58E151EB9EC3C0072EB0D /* ZJTestArrayViewController.h */,
				38E58E141EB9EC3C0072EB0D /* ZJTestArrayViewController.m */,
				38E58E131EB9EC3C0072EB0D /* ZJTestNumberViewController.h */,
				38E58E121EB9EC3C0072EB0D /* ZJTestNumberViewController.m */,
				38E58E0F1EB9EB870072EB0D /* ZJTestStringViewController.h */,
				38E58E101EB9EB870072EB0D /* ZJTestStringViewController.m */,
			);
			path = 02_Fondation;
			sourceTree = "<group>";
		};
		3852DC071EA0C2D600F63B36 /* 01_UIKit */ = {
			isa = PBXGroup;
			children = (
				385DBEED1EB9D40800174ACE /* ZJUIKitTableViewController.h */,
				385DBEEE1EB9D40800174ACE /* ZJUIKitTableViewController.m */,
				386593C41EBAB87C0041601D /* ZJTestLabelViewController.h */,
				386593C51EBAB87C0041601D /* ZJTestLabelViewController.m */,
				386593D91EBB32810041601D /* ZJTestScrollViewController.h */,
				386593DA1EBB32810041601D /* ZJTestScrollViewController.m */,
				387FA57E1ED2E5C70038D93B /* ZJSearchingViewController.h */,
				387FA57F1ED2E5C70038D93B /* ZJSearchingViewController.m */,
				385D3EFB1F063C9600F0C1FD /* ZJTestPureTextTableViewController.h */,
				385D3EFC1F063C9600F0C1FD /* ZJTestPureTextTableViewController.m */,
				385D3EFE1F063F4600F0C1FD /* ZJTestSubTitleTableViewController.h */,
				385D3EFF1F063F4600F0C1FD /* ZJTestSubTitleTableViewController.m */,
				389C5FB41F0A1D6E00921EA8 /* ZJTestCollectionViewController.h */,
				389C5FB51F0A1D6E00921EA8 /* ZJTestCollectionViewController.m */,
				389C5FB61F0A1D6E00921EA8 /* ZJTestCollectionViewController.xib */,
				388119401F0CDD6E00C24A89 /* ZJProgressViewController.h */,
				3881193F1F0CDD6E00C24A89 /* ZJProgressViewController.m */,
			);
			path = 01_UIKit;
			sourceTree = "<group>";
		};
		3852DC0B1EA0C2D600F63B36 /* 00_NSObject */ = {
			isa = PBXGroup;
			children = (
				385DBEEA1EB9D11E00174ACE /* ZJNSObjectTableViewController.h */,
				385DBEEB1EB9D11E00174ACE /* ZJNSObjectTableViewController.m */,
				386593C11EBAB85C0041601D /* ZJTestApplicationViewController.h */,
				386593C21EBAB85C0041601D /* ZJTestApplicationViewController.m */,
			);
			path = 00_NSObject;
			sourceTree = "<group>";
		};
		3852DC181EA0CAF400F63B36 /* 03_Controller */ = {
			isa = PBXGroup;
			children = (
				385DBEF31EB9D49700174ACE /* ZJControllerTableViewController.h */,
				385DBEF41EB9D49700174ACE /* ZJControllerTableViewController.m */,
				389530421EC5A351004511C8 /* ZJTestViewController.h */,
				389530411EC5A351004511C8 /* ZJTestViewController.m */,
				389530401EC5A351004511C8 /* ZJTestViewController.xib */,
				386593CC1EBB1E940041601D /* ZJTestWebViewController.h */,
				386593CD1EBB1E940041601D /* ZJTestWebViewController.m */,
				382C4F991F0500F000AE3576 /* ZJTestTabBarViewController.h */,
				382C4F9A1F0500F000AE3576 /* ZJTestTabBarViewController.m */,
				3881193B1F0CD9C200C24A89 /* ZJTestAlertViewController.h */,
				3881193A1F0CD9C200C24A89 /* ZJTestAlertViewController.m */,
				388119391F0CD9C200C24A89 /* ZJTestAlertViewController.xib */,
			);
			path = 03_Controller;
			sourceTree = "<group>";
		};
		386150061E9F6A6500341BCB /* Class */ = {
			isa = PBXGroup;
			children = (
				386152191E9F7B7A00341BCB /* Demo */,
				3861513F1E9F6AB700341BCB /* Base */,
				386151461E9F6BB200341BCB /* ZJCustomTools */,
			);
			path = Class;
			sourceTree = "<group>";
		};
		3861513F1E9F6AB700341BCB /* Base */ = {
			isa = PBXGroup;
			children = (
				386151401E9F6AB700341BCB /* AppDelegate.h */,
				386151411E9F6AB700341BCB /* AppDelegate.m */,
				385DBED71EB9CF3E00174ACE /* ZJBaseTabBarViewController.h */,
				385DBED61EB9CF3E00174ACE /* ZJBaseTabBarViewController.m */,
			);
			path = Base;
			sourceTree = "<group>";
		};
		386151461E9F6BB200341BCB /* ZJCustomTools */ = {
			isa = PBXGroup;
			children = (
				386151471E9F6BB200341BCB /* 00_Category */,
				386151531E9F6BB200341BCB /* 01_Model */,
				3861515F1E9F6BB200341BCB /* 02_View */,
				386151C61E9F6BB300341BCB /* 03_Controller */,
				386151CF1E9F6BB300341BCB /* 04_ZJCoreBluetooth */,
				386151D51E9F6BB300341BCB /* ZJHeaderFile.h */,
			);
			path = ZJCustomTools;
			sourceTree = "<group>";
		};
		386151471E9F6BB200341BCB /* 00_Category */ = {
			isa = PBXGroup;
			children = (
				386151481E9F6BB200341BCB /* UIViewExt.h */,
				386151491E9F6BB200341BCB /* UIViewExt.m */,
				3861514A1E9F6BB200341BCB /* ZJCategoryHeaderFile.h */,
				3861514B1E9F6BB200341BCB /* ZJControllerCategory.h */,
				3861514C1E9F6BB200341BCB /* ZJControllerCategory.m */,
				3861514D1E9F6BB200341BCB /* ZJFondationCategory.h */,
				3861514E1E9F6BB200341BCB /* ZJFondationCategory.m */,
				3861514F1E9F6BB200341BCB /* ZJNSObjectCategory.h */,
				386151501E9F6BB200341BCB /* ZJNSObjectCategory.m */,
				386151511E9F6BB200341BCB /* ZJUIViewCategory.h */,
				386151521E9F6BB200341BCB /* ZJUIViewCategory.m */,
			);
			path = 00_Category;
			sourceTree = "<group>";
		};
		386151531E9F6BB200341BCB /* 01_Model */ = {
			isa = PBXGroup;
			children = (
				386151561E9F6BB200341BCB /* ZJModelHeaderFile.h */,
				386151541E9F6BB200341BCB /* ZJIconSubTitleObject.h */,
				386151551E9F6BB200341BCB /* ZJIconSubTitleObject.m */,
				386151571E9F6BB200341BCB /* ZJNameIDObject.h */,
				386151581E9F6BB200341BCB /* ZJNameIDObject.m */,
				386151591E9F6BB200341BCB /* ZJPageSizeObjectInfo.h */,
				3861515A1E9F6BB200341BCB /* ZJPageSizeObjectInfo.m */,
				3861515B1E9F6BB200341BCB /* ZJStandarValueObj.h */,
				3861515C1E9F6BB200341BCB /* ZJStandarValueObj.m */,
				3861515D1E9F6BB200341BCB /* ZJTimeValueObject.h */,
				3861515E1E9F6BB200341BCB /* ZJTimeValueObject.m */,
			);
			path = 01_Model;
			sourceTree = "<group>";
		};
		3861515F1E9F6BB200341BCB /* 02_View */ = {
			isa = PBXGroup;
			children = (
				386151601E9F6BB200341BCB /* Cell */,
				3861519A1E9F6BB300341BCB /* Other */,
				386151AC1E9F6BB300341BCB /* Picker */,
				386151B61E9F6BB300341BCB /* QRCodeView */,
				386151BD1E9F6BB300341BCB /* SearechView */,
				386151C21E9F6BB300341BCB /* ZJButton */,
				386151C51E9F6BB300341BCB /* ZJViewHeaderFile.h */,
			);
			path = 02_View;
			sourceTree = "<group>";
		};
		386151601E9F6BB200341BCB /* Cell */ = {
			isa = PBXGroup;
			children = (
				3878B3641ED92B7F0027222C /* swipeCell */,
				3861517A1E9F6BB200341BCB /* iconTitleCollectionView */,
				386151871E9F6BB200341BCB /* imageTextFieldCell */,
				3861518F1E9F6BB200341BCB /* sexCell */,
				386151961E9F6BB300341BCB /* titleTextTableViewCell */,
			);
			path = Cell;
			sourceTree = "<group>";
		};
		3861517A1E9F6BB200341BCB /* iconTitleCollectionView */ = {
			isa = PBXGroup;
			children = (
				3861517E1E9F6BB200341BCB /* ZJCollectionTableViewCell.h */,
				3861517F1E9F6BB200341BCB /* ZJCollectionTableViewCell.m */,
				386151801E9F6BB200341BCB /* ZJCollectionTableViewCell.xib */,
				386151811E9F6BB200341BCB /* ZJIconTitleHorizontalCollectionViewCell.h */,
				386151821E9F6BB200341BCB /* ZJIconTitleHorizontalCollectionViewCell.m */,
				386151831E9F6BB200341BCB /* ZJIconTitleHorizontalCollectionViewCell.xib */,
				386151841E9F6BB200341BCB /* ZJIconTitleVerticalCollectionViewCell.h */,
				386151851E9F6BB200341BCB /* ZJIconTitleVerticalCollectionViewCell.m */,
				386151861E9F6BB200341BCB /* ZJIconTitleVerticalCollectionViewCell.xib */,
				389C5F9F1F09DF5800921EA8 /* ZJIconTitleNormalCollectionViewCell.h */,
				389C5F9E1F09DF5800921EA8 /* ZJIconTitleNormalCollectionViewCell.m */,
				389C5F9D1F09DF5800921EA8 /* ZJIconTitleNormalCollectionViewCell.xib */,
				3864E9911F0B30FF0045C374 /* ZJIconTitleCollectionViewCell.h */,
				3864E9921F0B30FF0045C374 /* ZJIconTitleCollectionViewCell.m */,
			);
			path = iconTitleCollectionView;
			sourceTree = "<group>";
		};
		386151871E9F6BB200341BCB /* imageTextFieldCell */ = {
			isa = PBXGroup;
			children = (
				386151881E9F6BB200341BCB /* ZJImageTextFieldTableViewCell.h */,
				386151891E9F6BB200341BCB /* ZJImageTextFieldTableViewCell.m */,
				3861518A1E9F6BB200341BCB /* ZJImageTextFieldTableViewCell.xib */,
			);
			path = imageTextFieldCell;
			sourceTree = "<group>";
		};
		3861518F1E9F6BB200341BCB /* sexCell */ = {
			isa = PBXGroup;
			children = (
				386151901E9F6BB200341BCB /* ZJSelectSexTableViewCell.h */,
				386151911E9F6BB200341BCB /* ZJSelectSexTableViewCell.m */,
				386151921E9F6BB200341BCB /* ZJSelectSexTableViewCell.xib */,
			);
			path = sexCell;
			sourceTree = "<group>";
		};
		386151961E9F6BB300341BCB /* titleTextTableViewCell */ = {
			isa = PBXGroup;
			children = (
				386151971E9F6BB300341BCB /* ZJTitleTextFieldTableViewCell.h */,
				386151981E9F6BB300341BCB /* ZJTitleTextFieldTableViewCell.m */,
				386151991E9F6BB300341BCB /* ZJTitleTextFieldTableViewCell.xib */,
			);
			path = titleTextTableViewCell;
			sourceTree = "<group>";
		};
		3861519A1E9F6BB300341BCB /* Other */ = {
			isa = PBXGroup;
			children = (
				3861519B1E9F6BB300341BCB /* HYErrorView.h */,
				3861519C1E9F6BB300341BCB /* HYErrorView.m */,
				3861519D1E9F6BB300341BCB /* HYErrorView.xib */,
				386151A21E9F6BB300341BCB /* ZJFooterView.h */,
				386151A31E9F6BB300341BCB /* ZJFooterView.m */,
				386151A41E9F6BB300341BCB /* ZJProgressView.h */,
				386151A51E9F6BB300341BCB /* ZJProgressView.m */,
				386151A61E9F6BB300341BCB /* ZJRoundImageView.h */,
				386151A71E9F6BB300341BCB /* ZJRoundImageView.m */,
				386151A81E9F6BB300341BCB /* ZJScrollView.h */,
				386151A91E9F6BB300341BCB /* ZJScrollView.m */,
				386151AA1E9F6BB300341BCB /* ZJStarLevelView.h */,
				386151AB1E9F6BB300341BCB /* ZJStarLevelView.m */,
			);
			path = Other;
			sourceTree = "<group>";
		};
		386151AC1E9F6BB300341BCB /* Picker */ = {
			isa = PBXGroup;
			children = (
				386151AD1E9F6BB300341BCB /* ZJDatePicker.h */,
				386151AE1E9F6BB300341BCB /* ZJDatePicker.m */,
				386151AF1E9F6BB300341BCB /* ZJMaskView.h */,
				386151B01E9F6BB300341BCB /* ZJMaskView.m */,
				386151B11E9F6BB300341BCB /* ZJPicker.h */,
				386151B21E9F6BB300341BCB /* ZJPickerView.h */,
				386151B31E9F6BB300341BCB /* ZJPickerView.m */,
				386151B41E9F6BB300341BCB /* ZJTopEdgeTitleView.h */,
				386151B51E9F6BB300341BCB /* ZJTopEdgeTitleView.m */,
			);
			path = Picker;
			sourceTree = "<group>";
		};
		386151B61E9F6BB300341BCB /* QRCodeView */ = {
			isa = PBXGroup;
			children = (
				386151B71E9F6BB300341BCB /* qrcode_scanline_barcode@2x.png */,
				386151B81E9F6BB300341BCB /* ZJQRCodeView.h */,
				386151B91E9F6BB300341BCB /* ZJQRCodeViewController.h */,
				386151BA1E9F6BB300341BCB /* ZJQRCodeViewController.m */,
				386151BB1E9F6BB300341BCB /* ZJQRView.h */,
				386151BC1E9F6BB300341BCB /* ZJQRView.m */,
			);
			path = QRCodeView;
			sourceTree = "<group>";
		};
		386151BD1E9F6BB300341BCB /* SearechView */ = {
			isa = PBXGroup;
			children = (
				386151BE1E9F6BB300341BCB /* ZJSearchingContentsLayer.h */,
				386151BF1E9F6BB300341BCB /* ZJSearchingContentsLayer.m */,
				386151C01E9F6BB300341BCB /* ZJSearchingView.h */,
				386151C11E9F6BB300341BCB /* ZJSearchingView.m */,
			);
			path = SearechView;
			sourceTree = "<group>";
		};
		386151C21E9F6BB300341BCB /* ZJButton */ = {
			isa = PBXGroup;
			children = (
				386151C31E9F6BB300341BCB /* ZJSelectButton.h */,
				386151C41E9F6BB300341BCB /* ZJSelectButton.m */,
			);
			path = ZJButton;
			sourceTree = "<group>";
		};
		386151C61E9F6BB300341BCB /* 03_Controller */ = {
			isa = PBXGroup;
			children = (
				386151CA1E9F6BB300341BCB /* ZJControllerHeaderFile.h */,
				386151CB1E9F6BB300341BCB /* ZJNavigationController.h */,
				386151CC1E9F6BB300341BCB /* ZJNavigationController.m */,
				386593C91EBB1A220041601D /* ZJWebViewController.h */,
				386593C81EBB1A220041601D /* ZJWebViewController.m */,
				386593D31EBB245E0041601D /* ZJTextViewController.h */,
				386593D41EBB245E0041601D /* ZJTextViewController.m */,
				382C4F941F04FA2B00AE3576 /* ZJTabBarViewController.h */,
				382C4F931F04FA2B00AE3576 /* ZJTabBarViewController.m */,
			);
			path = 03_Controller;
			sourceTree = "<group>";
		};
		386151CF1E9F6BB300341BCB /* 04_ZJCoreBluetooth */ = {
			isa = PBXGroup;
			children = (
				386151D01E9F6BB300341BCB /* ZJBLEDevice.h */,
				386151D11E9F6BB300341BCB /* ZJBLEDevice.m */,
				386151D21E9F6BB300341BCB /* ZJBLEDeviceManager.h */,
				386151D31E9F6BB300341BCB /* ZJBLEDeviceManager.m */,
				386151D41E9F6BB300341BCB /* ZJBLETool.h */,
			);
			path = 04_ZJCoreBluetooth;
			sourceTree = "<group>";
		};
		386152191E9F7B7A00341BCB /* Demo */ = {
			isa = PBXGroup;
			children = (
				3852DC0B1EA0C2D600F63B36 /* 00_NSObject */,
				3852DC071EA0C2D600F63B36 /* 01_UIKit */,
				3852DC061EA0C2D600F63B36 /* 02_Fondation */,
				3852DC181EA0CAF400F63B36 /* 03_Controller */,
				386593CF1EBB24150041601D /* 04_Other */,
				3881193E1F0CDB2400C24A89 /* 05_专题 */,
			);
			path = Demo;
			sourceTree = "<group>";
		};
		386593CF1EBB24150041601D /* 04_Other */ = {
			isa = PBXGroup;
			children = (
				386593D01EBB24260041601D /* ZJOtherTableViewController.h */,
				386593D11EBB24260041601D /* ZJOtherTableViewController.m */,
				3850846A1EBC211C00DEE8F6 /* InfoPlist */,
				38E032071EC01FD900401CBE /* TestWrite.txt */,
				389530581EC5AA14004511C8 /* note */,
				385084701EBC5FE100DEE8F6 /* note.plist */,
			);
			path = 04_Other;
			sourceTree = "<group>";
		};
		387033DB1DFAC37900426DA3 = {
			isa = PBXGroup;
			children = (
				387033E61DFAC37900426DA3 /* TestCategory */,
				387034031DFAC37900426DA3 /* TestCategoryTests */,
				3870340E1DFAC37900426DA3 /* TestCategoryUITests */,
				387033E51DFAC37900426DA3 /* Products */,
			);
			sourceTree = "<group>";
		};
		387033E51DFAC37900426DA3 /* Products */ = {
			isa = PBXGroup;
			children = (
				387033E41DFAC37900426DA3 /* TestCategory.app */,
				387034001DFAC37900426DA3 /* TestCategoryTests.xctest */,
				3870340B1DFAC37900426DA3 /* TestCategoryUITests.xctest */,
			);
			name = Products;
			sourceTree = "<group>";
		};
		387033E61DFAC37900426DA3 /* TestCategory */ = {
			isa = PBXGroup;
			children = (
				386150061E9F6A6500341BCB /* Class */,
				387033E71DFAC37900426DA3 /* Supporting Files */,
			);
			path = TestCategory;
			sourceTree = "<group>";
		};
		387033E71DFAC37900426DA3 /* Supporting Files */ = {
			isa = PBXGroup;
			children = (
				387033F61DFAC37900426DA3 /* Assets.xcassets */,
				387033F81DFAC37900426DA3 /* LaunchScreen.storyboard */,
				387033FB1DFAC37900426DA3 /* Info.plist */,
				387033F31DFAC37900426DA3 /* TestCategory.xcdatamodeld */,
				387033E81DFAC37900426DA3 /* main.m */,
			);
			name = "Supporting Files";
			sourceTree = "<group>";
		};
		387034031DFAC37900426DA3 /* TestCategoryTests */ = {
			isa = PBXGroup;
			children = (
				387034041DFAC37900426DA3 /* TestCategoryTests.m */,
				387034061DFAC37900426DA3 /* Info.plist */,
			);
			path = TestCategoryTests;
			sourceTree = "<group>";
		};
		3870340E1DFAC37900426DA3 /* TestCategoryUITests */ = {
			isa = PBXGroup;
			children = (
				3870340F1DFAC37900426DA3 /* TestCategoryUITests.m */,
				387034111DFAC37900426DA3 /* Info.plist */,
			);
			path = TestCategoryUITests;
			sourceTree = "<group>";
		};
		3878B3641ED92B7F0027222C /* swipeCell */ = {
			isa = PBXGroup;
			children = (
				3878B3651ED92B7F0027222C /* ZJSwipeTableViewCell.h */,
				3878B3661ED92B7F0027222C /* ZJSwipeTableViewCell.m */,
				3878B3671ED92B7F0027222C /* ZJSwipeTableViewCell.xib */,
			);
			path = swipeCell;
			sourceTree = "<group>";
		};
		3881193E1F0CDB2400C24A89 /* 05_专题 */ = {
			isa = PBXGroup;
			children = (
				3881196F1F0CE03400C24A89 /* ZJTopicTableViewController.h */,
				388119701F0CE03400C24A89 /* ZJTopicTableViewController.m */,
				388119421F0CDE1500C24A89 /* 00_fileManage */,
				388119491F0CDE1500C24A89 /* 01_Category */,
				3881194F1F0CDE1500C24A89 /* 02_Navigation */,
				388119571F0CDE1500C24A89 /* 03_BLE */,
				3881195D1F0CDE1500C24A89 /* 04_CAAnimation */,
			);
			path = "05_专题";
			sourceTree = "<group>";
		};
		388119421F0CDE1500C24A89 /* 00_fileManage */ = {
			isa = PBXGroup;
			children = (
				388119431F0CDE1500C24A89 /* ZJTestBundleViewController.h */,
				388119441F0CDE1500C24A89 /* ZJTestBundleViewController.m */,
				388119451F0CDE1500C24A89 /* ZJTestFileTableViewController.h */,
				388119461F0CDE1500C24A89 /* ZJTestFileTableViewController.m */,
				388119471F0CDE1500C24A89 /* ZJTestSysDirViewController.h */,
				388119481F0CDE1500C24A89 /* ZJTestSysDirViewController.m */,
			);
			path = 00_fileManage;
			sourceTree = "<group>";
		};
		388119491F0CDE1500C24A89 /* 01_Category */ = {
			isa = PBXGroup;
			children = (
				3881194A1F0CDE1500C24A89 /* UIViewController+ZJVCCategory.h */,
				3881194B1F0CDE1500C24A89 /* UIViewController+ZJVCCategory.m */,
				3881194C1F0CDE1500C24A89 /* UIViewController_ZJVCExtention.h */,
				3881194D1F0CDE1500C24A89 /* ZJTestCategoryViewController.h */,
				3881194E1F0CDE1500C24A89 /* ZJTestCategoryViewController.m */,
			);
			path = 01_Category;
			sourceTree = "<group>";
		};
		3881194F1F0CDE1500C24A89 /* 02_Navigation */ = {
			isa = PBXGroup;
			children = (
				388119501F0CDE1500C24A89 /* ZJTestBackBarButtonItemViewController.h */,
				388119511F0CDE1500C24A89 /* ZJTestBackBarButtonItemViewController.m */,
				388119521F0CDE1500C24A89 /* ZJTestNavigationItemViewController.h */,
				388119531F0CDE1500C24A89 /* ZJTestNavigationItemViewController.m */,
				388119541F0CDE1500C24A89 /* ZJTestTranslucentViewController.h */,
				388119551F0CDE1500C24A89 /* ZJTestTranslucentViewController.m */,
				388119561F0CDE1500C24A89 /* ZJTestTranslucentViewController.xib */,
			);
			path = 02_Navigation;
			sourceTree = "<group>";
		};
		388119571F0CDE1500C24A89 /* 03_BLE */ = {
			isa = PBXGroup;
			children = (
				388119581F0CDE1500C24A89 /* ZJSearchDeviceTableViewController.h */,
				388119591F0CDE1500C24A89 /* ZJSearchDeviceTableViewController.m */,
				3881195A1F0CDE1500C24A89 /* ZJTestBluetoothViewController.h */,
				3881195B1F0CDE1500C24A89 /* ZJTestBluetoothViewController.m */,
				3881195C1F0CDE1500C24A89 /* ZJTestBluetoothViewController.xib */,
			);
			path = 03_BLE;
			sourceTree = "<group>";
		};
		3881195D1F0CDE1500C24A89 /* 04_CAAnimation */ = {
			isa = PBXGroup;
			children = (
				3881195E1F0CDE1500C24A89 /* ZJCAReplicatorLayerViewController.h */,
				3881195F1F0CDE1500C24A89 /* ZJCAReplicatorLayerViewController.m */,
				388119601F0CDE1500C24A89 /* ZJCAReplicatorLayerViewController.xib */,
			);
			path = 04_CAAnimation;
			sourceTree = "<group>";
		};
/* End PBXGroup section */

/* Begin PBXNativeTarget section */
		387033E31DFAC37900426DA3 /* TestCategory */ = {
			isa = PBXNativeTarget;
			buildConfigurationList = 387034141DFAC37900426DA3 /* Build configuration list for PBXNativeTarget "TestCategory" */;
			buildPhases = (
				387033E01DFAC37900426DA3 /* Sources */,
				387033E11DFAC37900426DA3 /* Frameworks */,
				387033E21DFAC37900426DA3 /* Resources */,
			);
			buildRules = (
			);
			dependencies = (
			);
			name = TestCategory;
			productName = TestCategory;
			productReference = 387033E41DFAC37900426DA3 /* TestCategory.app */;
			productType = "com.apple.product-type.application";
		};
		387033FF1DFAC37900426DA3 /* TestCategoryTests */ = {
			isa = PBXNativeTarget;
			buildConfigurationList = 387034171DFAC37900426DA3 /* Build configuration list for PBXNativeTarget "TestCategoryTests" */;
			buildPhases = (
				387033FC1DFAC37900426DA3 /* Sources */,
				387033FD1DFAC37900426DA3 /* Frameworks */,
				387033FE1DFAC37900426DA3 /* Resources */,
			);
			buildRules = (
			);
			dependencies = (
				387034021DFAC37900426DA3 /* PBXTargetDependency */,
			);
			name = TestCategoryTests;
			productName = TestCategoryTests;
			productReference = 387034001DFAC37900426DA3 /* TestCategoryTests.xctest */;
			productType = "com.apple.product-type.bundle.unit-test";
		};
		3870340A1DFAC37900426DA3 /* TestCategoryUITests */ = {
			isa = PBXNativeTarget;
			buildConfigurationList = 3870341A1DFAC37900426DA3 /* Build configuration list for PBXNativeTarget "TestCategoryUITests" */;
			buildPhases = (
				387034071DFAC37900426DA3 /* Sources */,
				387034081DFAC37900426DA3 /* Frameworks */,
				387034091DFAC37900426DA3 /* Resources */,
			);
			buildRules = (
			);
			dependencies = (
				3870340D1DFAC37900426DA3 /* PBXTargetDependency */,
			);
			name = TestCategoryUITests;
			productName = TestCategoryUITests;
			productReference = 3870340B1DFAC37900426DA3 /* TestCategoryUITests.xctest */;
			productType = "com.apple.product-type.bundle.ui-testing";
		};
/* End PBXNativeTarget section */

/* Begin PBXProject section */
		387033DC1DFAC37900426DA3 /* Project object */ = {
			isa = PBXProject;
			attributes = {
				CLASSPREFIX = ZJ;
				LastUpgradeCheck = 0820;
				ORGANIZATIONNAME = ZJ;
				TargetAttributes = {
					387033E31DFAC37900426DA3 = {
						CreatedOnToolsVersion = 8.1;
						DevelopmentTeam = X69A28X2L6;
						ProvisioningStyle = Automatic;
					};
					387033FF1DFAC37900426DA3 = {
						CreatedOnToolsVersion = 8.1;
						ProvisioningStyle = Automatic;
						TestTargetID = 387033E31DFAC37900426DA3;
					};
					3870340A1DFAC37900426DA3 = {
						CreatedOnToolsVersion = 8.1;
						ProvisioningStyle = Automatic;
						TestTargetID = 387033E31DFAC37900426DA3;
					};
				};
			};
			buildConfigurationList = 387033DF1DFAC37900426DA3 /* Build configuration list for PBXProject "TestCategory" */;
			compatibilityVersion = "Xcode 3.2";
			developmentRegion = English;
			hasScannedForEncodings = 0;
			knownRegions = (
				en,
				Base,
			);
			mainGroup = 387033DB1DFAC37900426DA3;
			productRefGroup = 387033E51DFAC37900426DA3 /* Products */;
			projectDirPath = "";
			projectRoot = "";
			targets = (
				387033E31DFAC37900426DA3 /* TestCategory */,
				387033FF1DFAC37900426DA3 /* TestCategoryTests */,
				3870340A1DFAC37900426DA3 /* TestCategoryUITests */,
			);
		};
/* End PBXProject section */

/* Begin PBXResourcesBuildPhase section */
		387033E21DFAC37900426DA3 /* Resources */ = {
			isa = PBXResourcesBuildPhase;
			buildActionMask = 2147483647;
			files = (
				3861520D1E9F6BB300341BCB /* qrcode_scanline_barcode@2x.png in Resources */,
				386151FB1E9F6BB300341BCB /* ZJSelectSexTableViewCell.xib in Resources */,
				387033FA1DFAC37900426DA3 /* LaunchScreen.storyboard in Resources */,
				386151FF1E9F6BB300341BCB /* ZJTitleTextFieldTableViewCell.xib in Resources */,
				388119691F0CDE1500C24A89 /* ZJTestTranslucentViewController.xib in Resources */,
				386151F51E9F6BB300341BCB /* ZJIconTitleVerticalCollectionViewCell.xib in Resources */,
				389530591EC5AA14004511C8 /* note in Resources */,
				389C5FB81F0A1D6E00921EA8 /* ZJTestCollectionViewController.xib in Resources */,
				387033F71DFAC37900426DA3 /* Assets.xcassets in Resources */,
				3881196C1F0CDE1500C24A89 /* ZJTestBluetoothViewController.xib in Resources */,
				386151F71E9F6BB300341BCB /* ZJImageTextFieldTableViewCell.xib in Resources */,
				389530431EC5A351004511C8 /* ZJTestViewController.xib in Resources */,
				3881193C1F0CD9C200C24A89 /* ZJTestAlertViewController.xib in Resources */,
				3881196E1F0CDE1500C24A89 /* ZJCAReplicatorLayerViewController.xib in Resources */,
				386151F31E9F6BB300341BCB /* ZJIconTitleHorizontalCollectionViewCell.xib in Resources */,
				38E032081EC01FD900401CBE /* TestWrite.txt in Resources */,
				3878B3691ED92B7F0027222C /* ZJSwipeTableViewCell.xib in Resources */,
				3850846B1EBC211C00DEE8F6 /* InfoPlist in Resources */,
				389C5FA01F09DF5800921EA8 /* ZJIconTitleNormalCollectionViewCell.xib in Resources */,
				385084711EBC5FE100DEE8F6 /* note.plist in Resources */,
				386151F11E9F6BB300341BCB /* ZJCollectionTableViewCell.xib in Resources */,
				386152011E9F6BB300341BCB /* HYErrorView.xib in Resources */,
			);
			runOnlyForDeploymentPostprocessing = 0;
		};
		387033FE1DFAC37900426DA3 /* Resources */ = {
			isa = PBXResourcesBuildPhase;
			buildActionMask = 2147483647;
			files = (
			);
			runOnlyForDeploymentPostprocessing = 0;
		};
		387034091DFAC37900426DA3 /* Resources */ = {
			isa = PBXResourcesBuildPhase;
			buildActionMask = 2147483647;
			files = (
			);
			runOnlyForDeploymentPostprocessing = 0;
		};
/* End PBXResourcesBuildPhase section */

/* Begin PBXSourcesBuildPhase section */
		387033E01DFAC37900426DA3 /* Sources */ = {
			isa = PBXSourcesBuildPhase;
			buildActionMask = 2147483647;
			files = (
				3864E9931F0B30FF0045C374 /* ZJIconTitleCollectionViewCell.m in Sources */,
				386151FA1E9F6BB300341BCB /* ZJSelectSexTableViewCell.m in Sources */,
				386152151E9F6BB300341BCB /* ZJNavigationController.m in Sources */,
				388119621F0CDE1500C24A89 /* ZJTestFileTableViewController.m in Sources */,
				387FA5801ED2E5C70038D93B /* ZJSearchingViewController.m in Sources */,
				388119611F0CDE1500C24A89 /* ZJTestBundleViewController.m in Sources */,
				387033E91DFAC37900426DA3 /* main.m in Sources */,
				3881196D1F0CDE1500C24A89 /* ZJCAReplicatorLayerViewController.m in Sources */,
				385DBEF21EB9D43B00174ACE /* ZJFondationTableViewController.m in Sources */,
				386152001E9F6BB300341BCB /* HYErrorView.m in Sources */,
				386593C61EBAB87C0041601D /* ZJTestLabelViewController.m in Sources */,
				3881196A1F0CDE1500C24A89 /* ZJSearchDeviceTableViewController.m in Sources */,
				385DBEEC1EB9D11E00174ACE /* ZJNSObjectTableViewController.m in Sources */,
				3881193D1F0CD9C200C24A89 /* ZJTestAlertViewController.m in Sources */,
				386593DB1EBB32810041601D /* ZJTestScrollViewController.m in Sources */,
				388119641F0CDE1500C24A89 /* UIViewController+ZJVCCategory.m in Sources */,
				386152041E9F6BB300341BCB /* ZJFooterView.m in Sources */,
				386151D61E9F6BB300341BCB /* UIViewExt.m in Sources */,
				388119411F0CDD6E00C24A89 /* ZJProgressViewController.m in Sources */,
				386593C31EBAB85C0041601D /* ZJTestApplicationViewController.m in Sources */,
				386593D51EBB245E0041601D /* ZJTextViewController.m in Sources */,
				387033F51DFAC37900426DA3 /* TestCategory.xcdatamodeld in Sources */,
				3881196B1F0CDE1500C24A89 /* ZJTestBluetoothViewController.m in Sources */,
				386151DA1E9F6BB300341BCB /* ZJUIViewCategory.m in Sources */,
				389C5FA11F09DF5800921EA8 /* ZJIconTitleNormalCollectionViewCell.m in Sources */,
				386151F61E9F6BB300341BCB /* ZJImageTextFieldTableViewCell.m in Sources */,
				3861520C1E9F6BB300341BCB /* ZJTopEdgeTitleView.m in Sources */,
				388119661F0CDE1500C24A89 /* ZJTestBackBarButtonItemViewController.m in Sources */,
				386152101E9F6BB300341BCB /* ZJSearchingContentsLayer.m in Sources */,
				386152071E9F6BB300341BCB /* ZJScrollView.m in Sources */,
				386152051E9F6BB300341BCB /* ZJProgressView.m in Sources */,
				382C4F9B1F0500F000AE3576 /* ZJTestTabBarViewController.m in Sources */,
				385D3EFD1F063C9600F0C1FD /* ZJTestPureTextTableViewController.m in Sources */,
				386151F01E9F6BB300341BCB /* ZJCollectionTableViewCell.m in Sources */,
				38E58E161EB9EC3C0072EB0D /* ZJTestNumberViewController.m in Sources */,
				386151D71E9F6BB300341BCB /* ZJControllerCategory.m in Sources */,
				38E58E111EB9EB870072EB0D /* ZJTestStringViewController.m in Sources */,
				388119681F0CDE1500C24A89 /* ZJTestTranslucentViewController.m in Sources */,
				386151441E9F6AB700341BCB /* AppDelegate.m in Sources */,
				388119671F0CDE1500C24A89 /* ZJTestNavigationItemViewController.m in Sources */,
				386152111E9F6BB300341BCB /* ZJSearchingView.m in Sources */,
				385DBED81EB9CF3E00174ACE /* ZJBaseTabBarViewController.m in Sources */,
				386152091E9F6BB300341BCB /* ZJDatePicker.m in Sources */,
				386151F41E9F6BB300341BCB /* ZJIconTitleVerticalCollectionViewCell.m in Sources */,
				386152181E9F6BB300341BCB /* ZJBLEDeviceManager.m in Sources */,
				3861520B1E9F6BB300341BCB /* ZJPickerView.m in Sources */,
				386151DE1E9F6BB300341BCB /* ZJStandarValueObj.m in Sources */,
				385DBEF51EB9D49700174ACE /* ZJControllerTableViewController.m in Sources */,
				388119711F0CE03400C24A89 /* ZJTopicTableViewController.m in Sources */,
				386151FE1E9F6BB300341BCB /* ZJTitleTextFieldTableViewCell.m in Sources */,
				3861520A1E9F6BB300341BCB /* ZJMaskView.m in Sources */,
				389530441EC5A351004511C8 /* ZJTestViewController.m in Sources */,
				386152061E9F6BB300341BCB /* ZJRoundImageView.m in Sources */,
				386593CE1EBB1E940041601D /* ZJTestWebViewController.m in Sources */,
				388119651F0CDE1500C24A89 /* ZJTestCategoryViewController.m in Sources */,
				389C5FB71F0A1D6E00921EA8 /* ZJTestCollectionViewController.m in Sources */,
				388119631F0CDE1500C24A89 /* ZJTestSysDirViewController.m in Sources */,
				386593CB1EBB1A220041601D /* ZJWebViewController.m in Sources */,
				3861520F1E9F6BB300341BCB /* ZJQRView.m in Sources */,
				3861520E1E9F6BB300341BCB /* ZJQRCodeViewController.m in Sources */,
				386151DB1E9F6BB300341BCB /* ZJIconSubTitleObject.m in Sources */,
				386151D81E9F6BB300341BCB /* ZJFondationCategory.m in Sources */,
				386152121E9F6BB300341BCB /* ZJSelectButton.m in Sources */,
				386151DD1E9F6BB300341BCB /* ZJPageSizeObjectInfo.m in Sources */,
				386152081E9F6BB300341BCB /* ZJStarLevelView.m in Sources */,
				386152171E9F6BB300341BCB /* ZJBLEDevice.m in Sources */,
				385DBEEF1EB9D40800174ACE /* ZJUIKitTableViewController.m in Sources */,
				386593D21EBB24260041601D /* ZJOtherTableViewController.m in Sources */,
				3878B3681ED92B7F0027222C /* ZJSwipeTableViewCell.m in Sources */,
				386151DF1E9F6BB300341BCB /* ZJTimeValueObject.m in Sources */,
				385D3F001F063F4600F0C1FD /* ZJTestSubTitleTableViewController.m in Sources */,
				38E58E171EB9EC3C0072EB0D /* ZJTestArrayViewController.m in Sources */,
				386151F21E9F6BB300341BCB /* ZJIconTitleHorizontalCollectionViewCell.m in Sources */,
				386151D91E9F6BB300341BCB /* ZJNSObjectCategory.m in Sources */,
				382C4F951F04FA2B00AE3576 /* ZJTabBarViewController.m in Sources */,
				386151DC1E9F6BB300341BCB /* ZJNameIDObject.m in Sources */,
			);
			runOnlyForDeploymentPostprocessing = 0;
		};
		387033FC1DFAC37900426DA3 /* Sources */ = {
			isa = PBXSourcesBuildPhase;
			buildActionMask = 2147483647;
			files = (
				387034051DFAC37900426DA3 /* TestCategoryTests.m in Sources */,
			);
			runOnlyForDeploymentPostprocessing = 0;
		};
		387034071DFAC37900426DA3 /* Sources */ = {
			isa = PBXSourcesBuildPhase;
			buildActionMask = 2147483647;
			files = (
				387034101DFAC37900426DA3 /* TestCategoryUITests.m in Sources */,
			);
			runOnlyForDeploymentPostprocessing = 0;
		};
/* End PBXSourcesBuildPhase section */

/* Begin PBXTargetDependency section */
		387034021DFAC37900426DA3 /* PBXTargetDependency */ = {
			isa = PBXTargetDependency;
			target = 387033E31DFAC37900426DA3 /* TestCategory */;
			targetProxy = 387034011DFAC37900426DA3 /* PBXContainerItemProxy */;
		};
		3870340D1DFAC37900426DA3 /* PBXTargetDependency */ = {
			isa = PBXTargetDependency;
			target = 387033E31DFAC37900426DA3 /* TestCategory */;
			targetProxy = 3870340C1DFAC37900426DA3 /* PBXContainerItemProxy */;
		};
/* End PBXTargetDependency section */

/* Begin PBXVariantGroup section */
		387033F81DFAC37900426DA3 /* LaunchScreen.storyboard */ = {
			isa = PBXVariantGroup;
			children = (
				387033F91DFAC37900426DA3 /* Base */,
			);
			name = LaunchScreen.storyboard;
			sourceTree = "<group>";
		};
/* End PBXVariantGroup section */

/* Begin XCBuildConfiguration section */
		387034121DFAC37900426DA3 /* Debug */ = {
			isa = XCBuildConfiguration;
			buildSettings = {
				ALWAYS_SEARCH_USER_PATHS = NO;
				CLANG_ANALYZER_NONNULL = YES;
				CLANG_CXX_LANGUAGE_STANDARD = "gnu++0x";
				CLANG_CXX_LIBRARY = "libc++";
				CLANG_ENABLE_MODULES = YES;
				CLANG_ENABLE_OBJC_ARC = YES;
				CLANG_WARN_BOOL_CONVERSION = YES;
				CLANG_WARN_CONSTANT_CONVERSION = YES;
				CLANG_WARN_DIRECT_OBJC_ISA_USAGE = YES_ERROR;
				CLANG_WARN_DOCUMENTATION_COMMENTS = YES;
				CLANG_WARN_EMPTY_BODY = YES;
				CLANG_WARN_ENUM_CONVERSION = YES;
				CLANG_WARN_INFINITE_RECURSION = YES;
				CLANG_WARN_INT_CONVERSION = YES;
				CLANG_WARN_OBJC_ROOT_CLASS = YES_ERROR;
				CLANG_WARN_SUSPICIOUS_MOVE = YES;
				CLANG_WARN_SUSPICIOUS_MOVES = YES;
				CLANG_WARN_UNREACHABLE_CODE = YES;
				CLANG_WARN__DUPLICATE_METHOD_MATCH = YES;
				"CODE_SIGN_IDENTITY[sdk=iphoneos*]" = "iPhone Developer";
				COPY_PHASE_STRIP = NO;
				DEBUG_INFORMATION_FORMAT = dwarf;
				ENABLE_STRICT_OBJC_MSGSEND = YES;
				ENABLE_TESTABILITY = YES;
				GCC_C_LANGUAGE_STANDARD = gnu99;
				GCC_DYNAMIC_NO_PIC = NO;
				GCC_NO_COMMON_BLOCKS = YES;
				GCC_OPTIMIZATION_LEVEL = 0;
				GCC_PREPROCESSOR_DEFINITIONS = (
					"DEBUG=1",
					"$(inherited)",
				);
				GCC_WARN_64_TO_32_BIT_CONVERSION = YES;
				GCC_WARN_ABOUT_RETURN_TYPE = YES_ERROR;
				GCC_WARN_UNDECLARED_SELECTOR = YES;
				GCC_WARN_UNINITIALIZED_AUTOS = YES_AGGRESSIVE;
				GCC_WARN_UNUSED_FUNCTION = YES;
				GCC_WARN_UNUSED_VARIABLE = YES;
				IPHONEOS_DEPLOYMENT_TARGET = 10.1;
				MTL_ENABLE_DEBUG_INFO = YES;
				ONLY_ACTIVE_ARCH = YES;
				SDKROOT = iphoneos;
			};
			name = Debug;
		};
		387034131DFAC37900426DA3 /* Release */ = {
			isa = XCBuildConfiguration;
			buildSettings = {
				ALWAYS_SEARCH_USER_PATHS = NO;
				CLANG_ANALYZER_NONNULL = YES;
				CLANG_CXX_LANGUAGE_STANDARD = "gnu++0x";
				CLANG_CXX_LIBRARY = "libc++";
				CLANG_ENABLE_MODULES = YES;
				CLANG_ENABLE_OBJC_ARC = YES;
				CLANG_WARN_BOOL_CONVERSION = YES;
				CLANG_WARN_CONSTANT_CONVERSION = YES;
				CLANG_WARN_DIRECT_OBJC_ISA_USAGE = YES_ERROR;
				CLANG_WARN_DOCUMENTATION_COMMENTS = YES;
				CLANG_WARN_EMPTY_BODY = YES;
				CLANG_WARN_ENUM_CONVERSION = YES;
				CLANG_WARN_INFINITE_RECURSION = YES;
				CLANG_WARN_INT_CONVERSION = YES;
				CLANG_WARN_OBJC_ROOT_CLASS = YES_ERROR;
				CLANG_WARN_SUSPICIOUS_MOVE = YES;
				CLANG_WARN_SUSPICIOUS_MOVES = YES;
				CLANG_WARN_UNREACHABLE_CODE = YES;
				CLANG_WARN__DUPLICATE_METHOD_MATCH = YES;
				"CODE_SIGN_IDENTITY[sdk=iphoneos*]" = "iPhone Developer";
				COPY_PHASE_STRIP = NO;
				DEBUG_INFORMATION_FORMAT = "dwarf-with-dsym";
				ENABLE_NS_ASSERTIONS = NO;
				ENABLE_STRICT_OBJC_MSGSEND = YES;
				GCC_C_LANGUAGE_STANDARD = gnu99;
				GCC_NO_COMMON_BLOCKS = YES;
				GCC_WARN_64_TO_32_BIT_CONVERSION = YES;
				GCC_WARN_ABOUT_RETURN_TYPE = YES_ERROR;
				GCC_WARN_UNDECLARED_SELECTOR = YES;
				GCC_WARN_UNINITIALIZED_AUTOS = YES_AGGRESSIVE;
				GCC_WARN_UNUSED_FUNCTION = YES;
				GCC_WARN_UNUSED_VARIABLE = YES;
				IPHONEOS_DEPLOYMENT_TARGET = 10.1;
				MTL_ENABLE_DEBUG_INFO = NO;
				SDKROOT = iphoneos;
				VALIDATE_PRODUCT = YES;
			};
			name = Release;
		};
		387034151DFAC37900426DA3 /* Debug */ = {
			isa = XCBuildConfiguration;
			buildSettings = {
				ASSETCATALOG_COMPILER_APPICON_NAME = AppIcon;
				DEVELOPMENT_TEAM = X69A28X2L6;
				ENABLE_STRICT_OBJC_MSGSEND = NO;
				INFOPLIST_FILE = TestCategory/Info.plist;
				IPHONEOS_DEPLOYMENT_TARGET = 8.0;
				LD_RUNPATH_SEARCH_PATHS = "$(inherited) @executable_path/Frameworks";
				PRODUCT_BUNDLE_IDENTIFIER = com.hanyouapp.com.TestCategory;
				PRODUCT_NAME = "$(TARGET_NAME)";
			};
			name = Debug;
		};
		387034161DFAC37900426DA3 /* Release */ = {
			isa = XCBuildConfiguration;
			buildSettings = {
				ASSETCATALOG_COMPILER_APPICON_NAME = AppIcon;
				DEVELOPMENT_TEAM = X69A28X2L6;
				ENABLE_STRICT_OBJC_MSGSEND = NO;
				INFOPLIST_FILE = TestCategory/Info.plist;
				IPHONEOS_DEPLOYMENT_TARGET = 8.0;
				LD_RUNPATH_SEARCH_PATHS = "$(inherited) @executable_path/Frameworks";
				PRODUCT_BUNDLE_IDENTIFIER = com.hanyouapp.com.TestCategory;
				PRODUCT_NAME = "$(TARGET_NAME)";
			};
			name = Release;
		};
		387034181DFAC37900426DA3 /* Debug */ = {
			isa = XCBuildConfiguration;
			buildSettings = {
				BUNDLE_LOADER = "$(TEST_HOST)";
				INFOPLIST_FILE = TestCategoryTests/Info.plist;
				LD_RUNPATH_SEARCH_PATHS = "$(inherited) @executable_path/Frameworks @loader_path/Frameworks";
				PRODUCT_BUNDLE_IDENTIFIER = com.hanyouapp.com.TestCategoryTests;
				PRODUCT_NAME = "$(TARGET_NAME)";
				TEST_HOST = "$(BUILT_PRODUCTS_DIR)/TestCategory.app/TestCategory";
			};
			name = Debug;
		};
		387034191DFAC37900426DA3 /* Release */ = {
			isa = XCBuildConfiguration;
			buildSettings = {
				BUNDLE_LOADER = "$(TEST_HOST)";
				INFOPLIST_FILE = TestCategoryTests/Info.plist;
				LD_RUNPATH_SEARCH_PATHS = "$(inherited) @executable_path/Frameworks @loader_path/Frameworks";
				PRODUCT_BUNDLE_IDENTIFIER = com.hanyouapp.com.TestCategoryTests;
				PRODUCT_NAME = "$(TARGET_NAME)";
				TEST_HOST = "$(BUILT_PRODUCTS_DIR)/TestCategory.app/TestCategory";
			};
			name = Release;
		};
		3870341B1DFAC37900426DA3 /* Debug */ = {
			isa = XCBuildConfiguration;
			buildSettings = {
				INFOPLIST_FILE = TestCategoryUITests/Info.plist;
				LD_RUNPATH_SEARCH_PATHS = "$(inherited) @executable_path/Frameworks @loader_path/Frameworks";
				PRODUCT_BUNDLE_IDENTIFIER = com.hanyouapp.com.TestCategoryUITests;
				PRODUCT_NAME = "$(TARGET_NAME)";
				TEST_TARGET_NAME = TestCategory;
			};
			name = Debug;
		};
		3870341C1DFAC37900426DA3 /* Release */ = {
			isa = XCBuildConfiguration;
			buildSettings = {
				INFOPLIST_FILE = TestCategoryUITests/Info.plist;
				LD_RUNPATH_SEARCH_PATHS = "$(inherited) @executable_path/Frameworks @loader_path/Frameworks";
				PRODUCT_BUNDLE_IDENTIFIER = com.hanyouapp.com.TestCategoryUITests;
				PRODUCT_NAME = "$(TARGET_NAME)";
				TEST_TARGET_NAME = TestCategory;
			};
			name = Release;
		};
/* End XCBuildConfiguration section */

/* Begin XCConfigurationList section */
		387033DF1DFAC37900426DA3 /* Build configuration list for PBXProject "TestCategory" */ = {
			isa = XCConfigurationList;
			buildConfigurations = (
				387034121DFAC37900426DA3 /* Debug */,
				387034131DFAC37900426DA3 /* Release */,
			);
			defaultConfigurationIsVisible = 0;
			defaultConfigurationName = Release;
		};
		387034141DFAC37900426DA3 /* Build configuration list for PBXNativeTarget "TestCategory" */ = {
			isa = XCConfigurationList;
			buildConfigurations = (
				387034151DFAC37900426DA3 /* Debug */,
				387034161DFAC37900426DA3 /* Release */,
			);
			defaultConfigurationIsVisible = 0;
			defaultConfigurationName = Release;
		};
		387034171DFAC37900426DA3 /* Build configuration list for PBXNativeTarget "TestCategoryTests" */ = {
			isa = XCConfigurationList;
			buildConfigurations = (
				387034181DFAC37900426DA3 /* Debug */,
				387034191DFAC37900426DA3 /* Release */,
			);
			defaultConfigurationIsVisible = 0;
			defaultConfigurationName = Release;
		};
		3870341A1DFAC37900426DA3 /* Build configuration list for PBXNativeTarget "TestCategoryUITests" */ = {
			isa = XCConfigurationList;
			buildConfigurations = (
				3870341B1DFAC37900426DA3 /* Debug */,
				3870341C1DFAC37900426DA3 /* Release */,
			);
			defaultConfigurationIsVisible = 0;
			defaultConfigurationName = Release;
		};
/* End XCConfigurationList section */

/* Begin XCVersionGroup section */
		387033F31DFAC37900426DA3 /* TestCategory.xcdatamodeld */ = {
			isa = XCVersionGroup;
			children = (
				387033F41DFAC37900426DA3 /* TestCategory.xcdatamodel */,
			);
			currentVersion = 387033F41DFAC37900426DA3 /* TestCategory.xcdatamodel */;
			path = TestCategory.xcdatamodeld;
			sourceTree = "<group>";
			versionGroupType = wrapper.xcdatamodel;
		};
/* End XCVersionGroup section */
	};
	rootObject = 387033DC1DFAC37900426DA3 /* Project object */;
}
